// !$*UTF8*$!
{
	archiveVersion = 1;
	classes = {
	};
	objectVersion = 46;
	objects = {

/* Begin PBXBuildFile section */
		E4B69E200A3A1BDC003C02F2 /* main.cpp in Sources */ = {isa = PBXBuildFile; fileRef = E4B69E1D0A3A1BDC003C02F2 /* main.cpp */; };
		E4B69E210A3A1BDC003C02F2 /* ofApp.cpp in Sources */ = {isa = PBXBuildFile; fileRef = E4B69E1E0A3A1BDC003C02F2 /* ofApp.cpp */; };
		EBF874561673BC7ACC82AF92 /* ofxOrbbecAstra.cpp in Sources */ = {isa = PBXBuildFile; fileRef = BEEDC02F6A44CDC5881E742A /* ofxOrbbecAstra.cpp */; };
/* End PBXBuildFile section */

/* Begin PBXCopyFilesBuildPhase section */
		E4C2427710CC5ABF004149E2 /* CopyFiles */ = {
			isa = PBXCopyFilesBuildPhase;
			buildActionMask = 2147483647;
			dstPath = "";
			dstSubfolderSpec = 10;
			files = (
			);
			runOnlyForDeploymentPostprocessing = 0;
		};
/* End PBXCopyFilesBuildPhase section */

/* Begin PBXFileReference section */
		05CA2D0ABAB5D2BD7C5FEA33 /* Infrared.hpp */ = {isa = PBXFileReference; explicitFileType = sourcecode.c.h; fileEncoding = 4; name = Infrared.hpp; path = ../../../addons/ofxOrbbecAstra/libs/astra/include/astra/streams/Infrared.hpp; sourceTree = SOURCE_ROOT; };
		07C501F00CD43A294AA6FBED /* image_types.h */ = {isa = PBXFileReference; explicitFileType = sourcecode.c.h; fileEncoding = 4; name = image_types.h; path = ../../../addons/ofxOrbbecAstra/libs/astra/include/astra/capi/streams/image_types.h; sourceTree = SOURCE_ROOT; };
		0AA7C48F6D4C9B77FE87FB12 /* Vector.hpp */ = {isa = PBXFileReference; explicitFileType = sourcecode.c.h; fileEncoding = 4; name = Vector.hpp; path = ../../../addons/ofxOrbbecAstra/libs/astra/include/astra/Vector.hpp; sourceTree = SOURCE_ROOT; };
		0B02306045490DEF8E99ABC5 /* Vector2f.hpp */ = {isa = PBXFileReference; explicitFileType = sourcecode.c.h; fileEncoding = 4; name = Vector2f.hpp; path = ../../../addons/ofxOrbbecAstra/libs/astra/include/astra/Vector2f.hpp; sourceTree = SOURCE_ROOT; };
		0EBDAFB40B1B86830FC4AA09 /* StreamReader.hpp */ = {isa = PBXFileReference; explicitFileType = sourcecode.c.h; fileEncoding = 4; name = StreamReader.hpp; path = ../../../addons/ofxOrbbecAstra/libs/astra/include/astra_core/StreamReader.hpp; sourceTree = SOURCE_ROOT; };
		0F811AF90FAF89CC1F0AC310 /* StreamServiceProxy.hpp */ = {isa = PBXFileReference; explicitFileType = sourcecode.c.h; fileEncoding = 4; name = StreamServiceProxy.hpp; path = ../../../addons/ofxOrbbecAstra/libs/astra/include/astra_core/StreamServiceProxy.hpp; sourceTree = SOURCE_ROOT; };
		17D06A8E77A4AA557E467DF8 /* Pulser.h */ = {isa = PBXFileReference; explicitFileType = sourcecode.c.h; fileEncoding = 4; name = Pulser.h; path = ../../../addons/ofxOrbbecAstra/libs/astra/include/common/clock/Pulser.h; sourceTree = SOURCE_ROOT; };
		1A639EA4AB313E0494AD1BB0 /* hand_capi.h */ = {isa = PBXFileReference; explicitFileType = sourcecode.c.h; fileEncoding = 4; name = hand_capi.h; path = ../../../addons/ofxOrbbecAstra/libs/astra/include/astra/capi/streams/hand_capi.h; sourceTree = SOURCE_ROOT; };
		1B888624FE4E562B25E1328C /* StreamBin.hpp */ = {isa = PBXFileReference; explicitFileType = sourcecode.c.h; fileEncoding = 4; name = StreamBin.hpp; path = ../../../addons/ofxOrbbecAstra/libs/astra/include/astra_core/plugins/StreamBin.hpp; sourceTree = SOURCE_ROOT; };
		25E3E697EA15289A567C0677 /* astra_ctypes.h */ = {isa = PBXFileReference; explicitFileType = sourcecode.c.h; fileEncoding = 4; name = astra_ctypes.h; path = ../../../addons/ofxOrbbecAstra/libs/astra/include/astra/capi/astra_ctypes.h; sourceTree = SOURCE_ROOT; };
		2700C181698E3FFB8232FC63 /* Stdafx.h */ = {isa = PBXFileReference; explicitFileType = sourcecode.c.h; fileEncoding = 4; name = Stdafx.h; path = ../../../addons/ofxOrbbecAstra/libs/astra/include/common/clock/Stdafx.h; sourceTree = SOURCE_ROOT; };
		38486192968C283C300B1F47 /* Point.hpp */ = {isa = PBXFileReference; explicitFileType = sourcecode.c.h; fileEncoding = 4; name = Point.hpp; path = ../../../addons/ofxOrbbecAstra/libs/astra/include/astra/streams/Point.hpp; sourceTree = SOURCE_ROOT; };
		3A4D7A002094EDE1338299EE /* PluginLogging.hpp */ = {isa = PBXFileReference; explicitFileType = sourcecode.c.h; fileEncoding = 4; name = PluginLogging.hpp; path = ../../../addons/ofxOrbbecAstra/libs/astra/include/astra_core/plugins/PluginLogging.hpp; sourceTree = SOURCE_ROOT; };
		3BCA1997417AB8BD2CB1D0B9 /* DebugHand.hpp */ = {isa = PBXFileReference; explicitFileType = sourcecode.c.h; fileEncoding = 4; name = DebugHand.hpp; path = ../../../addons/ofxOrbbecAstra/libs/astra/include/astra/streams/DebugHand.hpp; sourceTree = SOURCE_ROOT; };
		3E4681FA2A9D536016F3B317 /* astra_plugin.h */ = {isa = PBXFileReference; explicitFileType = sourcecode.c.h; fileEncoding = 4; name = astra_plugin.h; path = ../../../addons/ofxOrbbecAstra/libs/astra/include/astra_core/capi/plugins/astra_plugin.h; sourceTree = SOURCE_ROOT; };
		40C5F630FB2D8CAD7EA70ADA /* Vector2i.hpp */ = {isa = PBXFileReference; explicitFileType = sourcecode.c.h; fileEncoding = 4; name = Vector2i.hpp; path = ../../../addons/ofxOrbbecAstra/libs/astra/include/astra/Vector2i.hpp; sourceTree = SOURCE_ROOT; };
		42A8DB270A5E7F5B74553AD8 /* skeleton_capi.h */ = {isa = PBXFileReference; explicitFileType = sourcecode.c.h; fileEncoding = 4; name = skeleton_capi.h; path = ../../../addons/ofxOrbbecAstra/libs/astra/include/astra/capi/streams/skeleton_capi.h; sourceTree = SOURCE_ROOT; };
		4846C3421E96F6A82CA564AE /* Plugin.hpp */ = {isa = PBXFileReference; explicitFileType = sourcecode.c.h; fileEncoding = 4; name = Plugin.hpp; path = ../../../addons/ofxOrbbecAstra/libs/astra/include/astra_core/plugins/Plugin.hpp; sourceTree = SOURCE_ROOT; };
		4B33164C528EC3409E8246E0 /* StreamDescription.hpp */ = {isa = PBXFileReference; explicitFileType = sourcecode.c.h; fileEncoding = 4; name = StreamDescription.hpp; path = ../../../addons/ofxOrbbecAstra/libs/astra/include/astra_core/StreamDescription.hpp; sourceTree = SOURCE_ROOT; };
		4C4D2CB8F0E1EF2FB7692121 /* Depth.hpp */ = {isa = PBXFileReference; explicitFileType = sourcecode.c.h; fileEncoding = 4; name = Depth.hpp; path = ../../../addons/ofxOrbbecAstra/libs/astra/include/astra/streams/Depth.hpp; sourceTree = SOURCE_ROOT; };
		5578A19D1D4CF16135BEF25C /* ofxOrbbecAstra.h */ = {isa = PBXFileReference; explicitFileType = sourcecode.c.h; fileEncoding = 4; name = ofxOrbbecAstra.h; path = ../../../addons/ofxOrbbecAstra/src/ofxOrbbecAstra.h; sourceTree = SOURCE_ROOT; };
		61FAA05A8F8B5490DB699580 /* Skeleton.hpp */ = {isa = PBXFileReference; explicitFileType = sourcecode.c.h; fileEncoding = 4; name = Skeleton.hpp; path = ../../../addons/ofxOrbbecAstra/libs/astra/include/astra/streams/Skeleton.hpp; sourceTree = SOURCE_ROOT; };
		65339B8E8D3648DDC0DAFE6D /* PluginBase.hpp */ = {isa = PBXFileReference; explicitFileType = sourcecode.c.h; fileEncoding = 4; name = PluginBase.hpp; path = ../../../addons/ofxOrbbecAstra/libs/astra/include/astra_core/plugins/PluginBase.hpp; sourceTree = SOURCE_ROOT; };
		66C6504B20F6F139CBBFA713 /* Vector3f.hpp */ = {isa = PBXFileReference; explicitFileType = sourcecode.c.h; fileEncoding = 4; name = Vector3f.hpp; path = ../../../addons/ofxOrbbecAstra/libs/astra/include/astra/Vector3f.hpp; sourceTree = SOURCE_ROOT; };
		67C67B5456AE62254CD7320C /* skeleton_types.h */ = {isa = PBXFileReference; explicitFileType = sourcecode.c.h; fileEncoding = 4; name = skeleton_types.h; path = ../../../addons/ofxOrbbecAstra/libs/astra/include/astra/capi/streams/skeleton_types.h; sourceTree = SOURCE_ROOT; };
		69F4155EA76173A24E372950 /* SingleBinStream.hpp */ = {isa = PBXFileReference; explicitFileType = sourcecode.c.h; fileEncoding = 4; name = SingleBinStream.hpp; path = ../../../addons/ofxOrbbecAstra/libs/astra/include/astra_core/plugins/SingleBinStream.hpp; sourceTree = SOURCE_ROOT; };
		6B50508F4F4A95F79669236A /* StreamFileModels.h */ = {isa = PBXFileReference; explicitFileType = sourcecode.c.h; fileEncoding = 4; name = StreamFileModels.h; path = ../../../addons/ofxOrbbecAstra/libs/astra/include/common/serialization/StreamFileModels.h; sourceTree = SOURCE_ROOT; };
		6BF6BA3E64F3F6B0ED6FD170 /* stream_types.h */ = {isa = PBXFileReference; explicitFileType = sourcecode.c.h; fileEncoding = 4; name = stream_types.h; path = ../../../addons/ofxOrbbecAstra/libs/astra/include/astra/capi/streams/stream_types.h; sourceTree = SOURCE_ROOT; };
		6F987E55C96E984DDFBD1F65 /* StreamSet.hpp */ = {isa = PBXFileReference; explicitFileType = sourcecode.c.h; fileEncoding = 4; name = StreamSet.hpp; path = ../../../addons/ofxOrbbecAstra/libs/astra/include/astra_core/StreamSet.hpp; sourceTree = SOURCE_ROOT; };
		73BDFA5FE28CED97F74DC51B /* image_parameters.h */ = {isa = PBXFileReference; explicitFileType = sourcecode.c.h; fileEncoding = 4; name = image_parameters.h; path = ../../../addons/ofxOrbbecAstra/libs/astra/include/astra/capi/streams/image_parameters.h; sourceTree = SOURCE_ROOT; };
		73D21A485F124C9C139DC7F2 /* point_capi.h */ = {isa = PBXFileReference; explicitFileType = sourcecode.c.h; fileEncoding = 4; name = point_capi.h; path = ../../../addons/ofxOrbbecAstra/libs/astra/include/astra/capi/streams/point_capi.h; sourceTree = SOURCE_ROOT; };
		78C7D323A3C8132C1E0AD91F /* astra_host_events.h */ = {isa = PBXFileReference; explicitFileType = sourcecode.c.h; fileEncoding = 4; name = astra_host_events.h; path = ../../../addons/ofxOrbbecAstra/libs/astra/include/astra_core/capi/astra_host_events.h; sourceTree = SOURCE_ROOT; };
		791AFEE6F4E98F0A0772CDFE /* astra_core.hpp */ = {isa = PBXFileReference; explicitFileType = sourcecode.c.h; fileEncoding = 4; name = astra_core.hpp; path = ../../../addons/ofxOrbbecAstra/libs/astra/include/astra_core/astra_core.hpp; sourceTree = SOURCE_ROOT; };
		7B0EB9220180113C71469E0E /* StreamCallbackListener.hpp */ = {isa = PBXFileReference; explicitFileType = sourcecode.c.h; fileEncoding = 4; name = StreamCallbackListener.hpp; path = ../../../addons/ofxOrbbecAstra/libs/astra/include/astra_core/plugins/StreamCallbackListener.hpp; sourceTree = SOURCE_ROOT; };
		7CCFD1E9C23770EF609A4805 /* infrared_types.h */ = {isa = PBXFileReference; explicitFileType = sourcecode.c.h; fileEncoding = 4; name = infrared_types.h; path = ../../../addons/ofxOrbbecAstra/libs/astra/include/astra/capi/streams/infrared_types.h; sourceTree = SOURCE_ROOT; };
		7E13D96197F57F28FA17E200 /* astra_types.h */ = {isa = PBXFileReference; explicitFileType = sourcecode.c.h; fileEncoding = 4; name = astra_types.h; path = ../../../addons/ofxOrbbecAstra/libs/astra/include/astra_core/capi/astra_types.h; sourceTree = SOURCE_ROOT; };
		8BB514BBBC4FEEA6795E8899 /* Vector3i.hpp */ = {isa = PBXFileReference; explicitFileType = sourcecode.c.h; fileEncoding = 4; name = Vector3i.hpp; path = ../../../addons/ofxOrbbecAstra/libs/astra/include/astra/Vector3i.hpp; sourceTree = SOURCE_ROOT; };
		8CF6BCEE2A39D99B3AE41292 /* DataStream.hpp */ = {isa = PBXFileReference; explicitFileType = sourcecode.c.h; fileEncoding = 4; name = DataStream.hpp; path = ../../../addons/ofxOrbbecAstra/libs/astra/include/astra_core/DataStream.hpp; sourceTree = SOURCE_ROOT; };
		8D89231BDCB6BE355B222CE8 /* point_types.h */ = {isa = PBXFileReference; explicitFileType = sourcecode.c.h; fileEncoding = 4; name = point_types.h; path = ../../../addons/ofxOrbbecAstra/libs/astra/include/astra/capi/streams/point_types.h; sourceTree = SOURCE_ROOT; };
		8EA8B1B9BFA13BCFBBF44C4C /* astra_streamservice_proxy.h */ = {isa = PBXFileReference; explicitFileType = sourcecode.c.h; fileEncoding = 4; name = astra_streamservice_proxy.h; path = ../../../addons/ofxOrbbecAstra/libs/astra/include/astra_core/capi/astra_streamservice_proxy.h; sourceTree = SOURCE_ROOT; };
		8EF5DD66BD91DE9ACB227610 /* depth_capi.h */ = {isa = PBXFileReference; explicitFileType = sourcecode.c.h; fileEncoding = 4; name = depth_capi.h; path = ../../../addons/ofxOrbbecAstra/libs/astra/include/astra/capi/streams/depth_capi.h; sourceTree = SOURCE_ROOT; };
		8FDD648D8550412A83EBB4D0 /* PluginServiceProxy.hpp */ = {isa = PBXFileReference; explicitFileType = sourcecode.c.h; fileEncoding = 4; name = PluginServiceProxy.hpp; path = ../../../addons/ofxOrbbecAstra/libs/astra/include/astra_core/plugins/PluginServiceProxy.hpp; sourceTree = SOURCE_ROOT; };
		974AA690C1D497476AA82932 /* color_types.h */ = {isa = PBXFileReference; explicitFileType = sourcecode.c.h; fileEncoding = 4; name = color_types.h; path = ../../../addons/ofxOrbbecAstra/libs/astra/include/astra/capi/streams/color_types.h; sourceTree = SOURCE_ROOT; };
		9D362ADF3B5C0327BFA6F98A /* astra.hpp */ = {isa = PBXFileReference; explicitFileType = sourcecode.c.h; fileEncoding = 4; name = astra.hpp; path = ../../../addons/ofxOrbbecAstra/libs/astra/include/astra/astra.hpp; sourceTree = SOURCE_ROOT; };
		9FC2C572E962D0BA959C4C25 /* astra_plugin_callbacks.h */ = {isa = PBXFileReference; explicitFileType = sourcecode.c.h; fileEncoding = 4; name = astra_plugin_callbacks.h; path = ../../../addons/ofxOrbbecAstra/libs/astra/include/astra_core/capi/plugins/astra_plugin_callbacks.h; sourceTree = SOURCE_ROOT; };
		A2581ABCABBD6D2FE9F07958 /* hand_types.h */ = {isa = PBXFileReference; explicitFileType = sourcecode.c.h; fileEncoding = 4; name = hand_types.h; path = ../../../addons/ofxOrbbecAstra/libs/astra/include/astra/capi/streams/hand_types.h; sourceTree = SOURCE_ROOT; };
		A5AD291C19C6D8943EE47B18 /* astra_core.h */ = {isa = PBXFileReference; explicitFileType = sourcecode.c.h; fileEncoding = 4; name = astra_core.h; path = ../../../addons/ofxOrbbecAstra/libs/astra/include/astra_core/capi/astra_core.h; sourceTree = SOURCE_ROOT; };
		A5EA26A52208EB54B04A3BC3 /* FrameOutputStream.h */ = {isa = PBXFileReference; explicitFileType = sourcecode.c.h; fileEncoding = 4; name = FrameOutputStream.h; path = ../../../addons/ofxOrbbecAstra/libs/astra/include/common/serialization/FrameOutputStream.h; sourceTree = SOURCE_ROOT; };
		B2F52A3279D8EDDE86BF429D /* color_capi.h */ = {isa = PBXFileReference; explicitFileType = sourcecode.c.h; fileEncoding = 4; name = color_capi.h; path = ../../../addons/ofxOrbbecAstra/libs/astra/include/astra/capi/streams/color_capi.h; sourceTree = SOURCE_ROOT; };
		BEEDC02F6A44CDC5881E742A /* ofxOrbbecAstra.cpp */ = {isa = PBXFileReference; explicitFileType = sourcecode.cpp.cpp; fileEncoding = 4; name = ofxOrbbecAstra.cpp; path = ../../../addons/ofxOrbbecAstra/src/ofxOrbbecAstra.cpp; sourceTree = SOURCE_ROOT; };
		BF5E27DA997D4B76316E1D01 /* depth_parameters.h */ = {isa = PBXFileReference; explicitFileType = sourcecode.c.h; fileEncoding = 4; name = depth_parameters.h; path = ../../../addons/ofxOrbbecAstra/libs/astra/include/astra/capi/streams/depth_parameters.h; sourceTree = SOURCE_ROOT; };
		C0E6606D094536785E6FD7F0 /* FrameStreamReader.h */ = {isa = PBXFileReference; explicitFileType = sourcecode.c.h; fileEncoding = 4; name = FrameStreamReader.h; path = ../../../addons/ofxOrbbecAstra/libs/astra/include/common/serialization/FrameStreamReader.h; sourceTree = SOURCE_ROOT; };
		C0FDD145245C27DC9C361658 /* astra.h */ = {isa = PBXFileReference; explicitFileType = sourcecode.c.h; fileEncoding = 4; name = astra.h; path = ../../../addons/ofxOrbbecAstra/libs/astra/include/astra/capi/astra.h; sourceTree = SOURCE_ROOT; };
		C4BC09D203CB11F5790CCE7A /* FrameStreamWriter.h */ = {isa = PBXFileReference; explicitFileType = sourcecode.c.h; fileEncoding = 4; name = FrameStreamWriter.h; path = ../../../addons/ofxOrbbecAstra/libs/astra/include/common/serialization/FrameStreamWriter.h; sourceTree = SOURCE_ROOT; };
		C562C04FF9A5DFCBB5FE17C6 /* StreamEventHandler.hpp */ = {isa = PBXFileReference; explicitFileType = sourcecode.c.h; fileEncoding = 4; name = StreamEventHandler.hpp; path = ../../../addons/ofxOrbbecAstra/libs/astra/include/astra_core/plugins/StreamEventHandler.hpp; sourceTree = SOURCE_ROOT; };
		C5C859B144EA7B9A37EE7168 /* FrameListener.hpp */ = {isa = PBXFileReference; explicitFileType = sourcecode.c.h; fileEncoding = 4; name = FrameListener.hpp; path = ../../../addons/ofxOrbbecAstra/libs/astra/include/astra_core/FrameListener.hpp; sourceTree = SOURCE_ROOT; };
		C80AE5B56B1CE0444E5D6701 /* astra_cxx_make_unique.hpp */ = {isa = PBXFileReference; explicitFileType = sourcecode.c.h; fileEncoding = 4; name = astra_cxx_make_unique.hpp; path = ../../../addons/ofxOrbbecAstra/libs/astra/include/astra_core/astra_cxx_make_unique.hpp; sourceTree = SOURCE_ROOT; };
		CB7DD45687C146EA8B25883F /* PluginStream.hpp */ = {isa = PBXFileReference; explicitFileType = sourcecode.c.h; fileEncoding = 4; name = PluginStream.hpp; path = ../../../addons/ofxOrbbecAstra/libs/astra/include/astra_core/plugins/PluginStream.hpp; sourceTree = SOURCE_ROOT; };
		CDCEBF20AE7D6646B66A535F /* Frame.hpp */ = {isa = PBXFileReference; explicitFileType = sourcecode.c.h; fileEncoding = 4; name = Frame.hpp; path = ../../../addons/ofxOrbbecAstra/libs/astra/include/astra_core/Frame.hpp; sourceTree = SOURCE_ROOT; };
		D8DE36BE576A104A4CAAED41 /* Hand.hpp */ = {isa = PBXFileReference; explicitFileType = sourcecode.c.h; fileEncoding = 4; name = Hand.hpp; path = ../../../addons/ofxOrbbecAstra/libs/astra/include/astra/streams/Hand.hpp; sourceTree = SOURCE_ROOT; };
		DAC0245DF267591EC67BC9E4 /* astra_pluginservice_proxy.h */ = {isa = PBXFileReference; explicitFileType = sourcecode.c.h; fileEncoding = 4; name = astra_pluginservice_proxy.h; path = ../../../addons/ofxOrbbecAstra/libs/astra/include/astra_core/capi/plugins/astra_pluginservice_proxy.h; sourceTree = SOURCE_ROOT; };
		E244CC777B96E9FD98186C47 /* Stopwatch.h */ = {isa = PBXFileReference; explicitFileType = sourcecode.c.h; fileEncoding = 4; name = Stopwatch.h; path = ../../../addons/ofxOrbbecAstra/libs/astra/include/common/clock/Stopwatch.h; sourceTree = SOURCE_ROOT; };
		E4066CBAFD7FFC2BF2006CBC /* depth_types.h */ = {isa = PBXFileReference; explicitFileType = sourcecode.c.h; fileEncoding = 4; name = depth_types.h; path = ../../../addons/ofxOrbbecAstra/libs/astra/include/astra/capi/streams/depth_types.h; sourceTree = SOURCE_ROOT; };
		E42962AC2163EDD300A6A9E2 /* ofCamera.cpp */ = {isa = PBXFileReference; lastKnownFileType = sourcecode.cpp.cpp; name = ofCamera.cpp; path = ../../../libs/openFrameworks/3d/ofCamera.cpp; sourceTree = SOURCE_ROOT; };
		E42962AD2163EDD300A6A9E2 /* ofMesh.h */ = {isa = PBXFileReference; lastKnownFileType = sourcecode.c.h; name = ofMesh.h; path = ../../../libs/openFrameworks/3d/ofMesh.h; sourceTree = SOURCE_ROOT; };
		E42962AE2163EDD300A6A9E2 /* ofNode.h */ = {isa = PBXFileReference; lastKnownFileType = sourcecode.c.h; name = ofNode.h; path = ../../../libs/openFrameworks/3d/ofNode.h; sourceTree = SOURCE_ROOT; };
		E42962AF2163EDD300A6A9E2 /* ofNode.cpp */ = {isa = PBXFileReference; lastKnownFileType = sourcecode.cpp.cpp; name = ofNode.cpp; path = ../../../libs/openFrameworks/3d/ofNode.cpp; sourceTree = SOURCE_ROOT; };
		E42962B02163EDD300A6A9E2 /* of3dPrimitives.cpp */ = {isa = PBXFileReference; lastKnownFileType = sourcecode.cpp.cpp; name = of3dPrimitives.cpp; path = ../../../libs/openFrameworks/3d/of3dPrimitives.cpp; sourceTree = SOURCE_ROOT; };
		E42962B12163EDD300A6A9E2 /* of3dUtils.h */ = {isa = PBXFileReference; lastKnownFileType = sourcecode.c.h; name = of3dUtils.h; path = ../../../libs/openFrameworks/3d/of3dUtils.h; sourceTree = SOURCE_ROOT; };
		E42962B22163EDD300A6A9E2 /* ofEasyCam.cpp */ = {isa = PBXFileReference; lastKnownFileType = sourcecode.cpp.cpp; name = ofEasyCam.cpp; path = ../../../libs/openFrameworks/3d/ofEasyCam.cpp; sourceTree = SOURCE_ROOT; };
		E42962B32163EDD300A6A9E2 /* ofCamera.h */ = {isa = PBXFileReference; lastKnownFileType = sourcecode.c.h; name = ofCamera.h; path = ../../../libs/openFrameworks/3d/ofCamera.h; sourceTree = SOURCE_ROOT; };
		E42962B42163EDD300A6A9E2 /* ofMesh.inl */ = {isa = PBXFileReference; lastKnownFileType = text; name = ofMesh.inl; path = ../../../libs/openFrameworks/3d/ofMesh.inl; sourceTree = SOURCE_ROOT; };
		E42962B52163EDD300A6A9E2 /* of3dUtils.cpp */ = {isa = PBXFileReference; lastKnownFileType = sourcecode.cpp.cpp; name = of3dUtils.cpp; path = ../../../libs/openFrameworks/3d/of3dUtils.cpp; sourceTree = SOURCE_ROOT; };
		E42962B62163EDD300A6A9E2 /* of3dPrimitives.h */ = {isa = PBXFileReference; lastKnownFileType = sourcecode.c.h; name = of3dPrimitives.h; path = ../../../libs/openFrameworks/3d/of3dPrimitives.h; sourceTree = SOURCE_ROOT; };
		E42962B72163EDD300A6A9E2 /* ofEasyCam.h */ = {isa = PBXFileReference; lastKnownFileType = sourcecode.c.h; name = ofEasyCam.h; path = ../../../libs/openFrameworks/3d/ofEasyCam.h; sourceTree = SOURCE_ROOT; };
		E42962BA2163EDD300A6A9E2 /* ofAVFoundationGrabber.h */ = {isa = PBXFileReference; lastKnownFileType = sourcecode.c.h; name = ofAVFoundationGrabber.h; path = ../../../libs/openFrameworks/video/ofAVFoundationGrabber.h; sourceTree = SOURCE_ROOT; };
		E42962BB2163EDD300A6A9E2 /* ofVideoPlayer.h */ = {isa = PBXFileReference; lastKnownFileType = sourcecode.c.h; name = ofVideoPlayer.h; path = ../../../libs/openFrameworks/video/ofVideoPlayer.h; sourceTree = SOURCE_ROOT; };
		E42962BC2163EDD300A6A9E2 /* ofAVFoundationPlayer.h */ = {isa = PBXFileReference; lastKnownFileType = sourcecode.c.h; name = ofAVFoundationPlayer.h; path = ../../../libs/openFrameworks/video/ofAVFoundationPlayer.h; sourceTree = SOURCE_ROOT; };
		E42962BD2163EDD300A6A9E2 /* ofQtUtils.cpp */ = {isa = PBXFileReference; lastKnownFileType = sourcecode.cpp.cpp; name = ofQtUtils.cpp; path = ../../../libs/openFrameworks/video/ofQtUtils.cpp; sourceTree = SOURCE_ROOT; };
		E42962BE2163EDD300A6A9E2 /* ofQTKitGrabber.mm */ = {isa = PBXFileReference; lastKnownFileType = sourcecode.cpp.objcpp; name = ofQTKitGrabber.mm; path = ../../../libs/openFrameworks/video/ofQTKitGrabber.mm; sourceTree = SOURCE_ROOT; };
		E42962BF2163EDD300A6A9E2 /* ofQuickTimeGrabber.cpp */ = {isa = PBXFileReference; lastKnownFileType = sourcecode.cpp.cpp; name = ofQuickTimeGrabber.cpp; path = ../../../libs/openFrameworks/video/ofQuickTimeGrabber.cpp; sourceTree = SOURCE_ROOT; };
		E42962C12163EDD300A6A9E2 /* ofAVFoundationVideoPlayer.h */ = {isa = PBXFileReference; lastKnownFileType = sourcecode.c.h; name = ofAVFoundationVideoPlayer.h; path = ../../../libs/openFrameworks/video/ofAVFoundationVideoPlayer.h; sourceTree = SOURCE_ROOT; };
		E42962C22163EDD300A6A9E2 /* ofAVFoundationGrabber.mm */ = {isa = PBXFileReference; lastKnownFileType = sourcecode.cpp.objcpp; name = ofAVFoundationGrabber.mm; path = ../../../libs/openFrameworks/video/ofAVFoundationGrabber.mm; sourceTree = SOURCE_ROOT; };
		E42962C32163EDD300A6A9E2 /* ofQTKitMovieRenderer.h */ = {isa = PBXFileReference; lastKnownFileType = sourcecode.c.h; name = ofQTKitMovieRenderer.h; path = ../../../libs/openFrameworks/video/ofQTKitMovieRenderer.h; sourceTree = SOURCE_ROOT; };
		E42962C42163EDD300A6A9E2 /* ofVideoPlayer.cpp */ = {isa = PBXFileReference; lastKnownFileType = sourcecode.cpp.cpp; name = ofVideoPlayer.cpp; path = ../../../libs/openFrameworks/video/ofVideoPlayer.cpp; sourceTree = SOURCE_ROOT; };
		E42962C52163EDD300A6A9E2 /* ofQTKitGrabber.h */ = {isa = PBXFileReference; lastKnownFileType = sourcecode.c.h; name = ofQTKitGrabber.h; path = ../../../libs/openFrameworks/video/ofQTKitGrabber.h; sourceTree = SOURCE_ROOT; };
		E42962C72163EDD300A6A9E2 /* ofQuickTimeGrabber.h */ = {isa = PBXFileReference; lastKnownFileType = sourcecode.c.h; name = ofQuickTimeGrabber.h; path = ../../../libs/openFrameworks/video/ofQuickTimeGrabber.h; sourceTree = SOURCE_ROOT; };
		E42962C92163EDD300A6A9E2 /* ofQuickTimePlayer.cpp */ = {isa = PBXFileReference; lastKnownFileType = sourcecode.cpp.cpp; name = ofQuickTimePlayer.cpp; path = ../../../libs/openFrameworks/video/ofQuickTimePlayer.cpp; sourceTree = SOURCE_ROOT; };
		E42962CA2163EDD300A6A9E2 /* ofVideoGrabber.h */ = {isa = PBXFileReference; lastKnownFileType = sourcecode.c.h; name = ofVideoGrabber.h; path = ../../../libs/openFrameworks/video/ofVideoGrabber.h; sourceTree = SOURCE_ROOT; };
		E42962CB2163EDD300A6A9E2 /* ofQTKitPlayer.h */ = {isa = PBXFileReference; lastKnownFileType = sourcecode.c.h; name = ofQTKitPlayer.h; path = ../../../libs/openFrameworks/video/ofQTKitPlayer.h; sourceTree = SOURCE_ROOT; };
		E42962CD2163EDD300A6A9E2 /* ofQtUtils.h */ = {isa = PBXFileReference; lastKnownFileType = sourcecode.c.h; name = ofQtUtils.h; path = ../../../libs/openFrameworks/video/ofQtUtils.h; sourceTree = SOURCE_ROOT; };
		E42962CE2163EDD300A6A9E2 /* ofAVFoundationPlayer.mm */ = {isa = PBXFileReference; lastKnownFileType = sourcecode.cpp.objcpp; name = ofAVFoundationPlayer.mm; path = ../../../libs/openFrameworks/video/ofAVFoundationPlayer.mm; sourceTree = SOURCE_ROOT; };
		E42962CF2163EDD300A6A9E2 /* ofQuickTimePlayer.h */ = {isa = PBXFileReference; lastKnownFileType = sourcecode.c.h; name = ofQuickTimePlayer.h; path = ../../../libs/openFrameworks/video/ofQuickTimePlayer.h; sourceTree = SOURCE_ROOT; };
		E42962D02163EDD300A6A9E2 /* ofVideoGrabber.cpp */ = {isa = PBXFileReference; lastKnownFileType = sourcecode.cpp.cpp; name = ofVideoGrabber.cpp; path = ../../../libs/openFrameworks/video/ofVideoGrabber.cpp; sourceTree = SOURCE_ROOT; };
		E42962D52163EDD300A6A9E2 /* ofQTKitPlayer.mm */ = {isa = PBXFileReference; lastKnownFileType = sourcecode.cpp.objcpp; name = ofQTKitPlayer.mm; path = ../../../libs/openFrameworks/video/ofQTKitPlayer.mm; sourceTree = SOURCE_ROOT; };
		E42962D62163EDD300A6A9E2 /* ofQTKitMovieRenderer.m */ = {isa = PBXFileReference; lastKnownFileType = sourcecode.c.objc; name = ofQTKitMovieRenderer.m; path = ../../../libs/openFrameworks/video/ofQTKitMovieRenderer.m; sourceTree = SOURCE_ROOT; };
		E42962D72163EDD300A6A9E2 /* ofAVFoundationVideoPlayer.m */ = {isa = PBXFileReference; lastKnownFileType = sourcecode.c.objc; name = ofAVFoundationVideoPlayer.m; path = ../../../libs/openFrameworks/video/ofAVFoundationVideoPlayer.m; sourceTree = SOURCE_ROOT; };
		E42962D92163EDD300A6A9E2 /* ofVideoBaseTypes.h */ = {isa = PBXFileReference; lastKnownFileType = sourcecode.c.h; name = ofVideoBaseTypes.h; path = ../../../libs/openFrameworks/video/ofVideoBaseTypes.h; sourceTree = SOURCE_ROOT; };
		E42962DB2163EDD300A6A9E2 /* ofParameterGroup.h */ = {isa = PBXFileReference; lastKnownFileType = sourcecode.c.h; name = ofParameterGroup.h; path = ../../../libs/openFrameworks/types/ofParameterGroup.h; sourceTree = SOURCE_ROOT; };
		E42962DC2163EDD300A6A9E2 /* ofColor.h */ = {isa = PBXFileReference; lastKnownFileType = sourcecode.c.h; name = ofColor.h; path = ../../../libs/openFrameworks/types/ofColor.h; sourceTree = SOURCE_ROOT; };
		E42962DD2163EDD300A6A9E2 /* ofRectangle.cpp */ = {isa = PBXFileReference; lastKnownFileType = sourcecode.cpp.cpp; name = ofRectangle.cpp; path = ../../../libs/openFrameworks/types/ofRectangle.cpp; sourceTree = SOURCE_ROOT; };
		E42962DE2163EDD300A6A9E2 /* ofPoint.h */ = {isa = PBXFileReference; lastKnownFileType = sourcecode.c.h; name = ofPoint.h; path = ../../../libs/openFrameworks/types/ofPoint.h; sourceTree = SOURCE_ROOT; };
		E42962DF2163EDD300A6A9E2 /* ofTypes.h */ = {isa = PBXFileReference; lastKnownFileType = sourcecode.c.h; name = ofTypes.h; path = ../../../libs/openFrameworks/types/ofTypes.h; sourceTree = SOURCE_ROOT; };
		E42962E02163EDD300A6A9E2 /* ofRectangle.h */ = {isa = PBXFileReference; lastKnownFileType = sourcecode.c.h; name = ofRectangle.h; path = ../../../libs/openFrameworks/types/ofRectangle.h; sourceTree = SOURCE_ROOT; };
		E42962E12163EDD300A6A9E2 /* ofBaseTypes.cpp */ = {isa = PBXFileReference; lastKnownFileType = sourcecode.cpp.cpp; name = ofBaseTypes.cpp; path = ../../../libs/openFrameworks/types/ofBaseTypes.cpp; sourceTree = SOURCE_ROOT; };
		E42962E22163EDD300A6A9E2 /* ofParameterGroup.cpp */ = {isa = PBXFileReference; lastKnownFileType = sourcecode.cpp.cpp; name = ofParameterGroup.cpp; path = ../../../libs/openFrameworks/types/ofParameterGroup.cpp; sourceTree = SOURCE_ROOT; };
		E42962E32163EDD300A6A9E2 /* ofParameter.h */ = {isa = PBXFileReference; lastKnownFileType = sourcecode.c.h; name = ofParameter.h; path = ../../../libs/openFrameworks/types/ofParameter.h; sourceTree = SOURCE_ROOT; };
		E42962E42163EDD300A6A9E2 /* ofColor.cpp */ = {isa = PBXFileReference; lastKnownFileType = sourcecode.cpp.cpp; name = ofColor.cpp; path = ../../../libs/openFrameworks/types/ofColor.cpp; sourceTree = SOURCE_ROOT; };
		E42962E52163EDD300A6A9E2 /* ofParameter.cpp */ = {isa = PBXFileReference; lastKnownFileType = sourcecode.cpp.cpp; name = ofParameter.cpp; path = ../../../libs/openFrameworks/types/ofParameter.cpp; sourceTree = SOURCE_ROOT; };
		E42962E62163EDD300A6A9E2 /* ofBaseTypes.h */ = {isa = PBXFileReference; lastKnownFileType = sourcecode.c.h; name = ofBaseTypes.h; path = ../../../libs/openFrameworks/types/ofBaseTypes.h; sourceTree = SOURCE_ROOT; };
		E42962E82163EDD300A6A9E2 /* ofMainLoop.h */ = {isa = PBXFileReference; lastKnownFileType = sourcecode.c.h; name = ofMainLoop.h; path = ../../../libs/openFrameworks/app/ofMainLoop.h; sourceTree = SOURCE_ROOT; };
		E42962E92163EDD300A6A9E2 /* ofBaseApp.cpp */ = {isa = PBXFileReference; lastKnownFileType = sourcecode.cpp.cpp; name = ofBaseApp.cpp; path = ../../../libs/openFrameworks/app/ofBaseApp.cpp; sourceTree = SOURCE_ROOT; };
		E42962EA2163EDD300A6A9E2 /* ofAppGlutWindow.cpp */ = {isa = PBXFileReference; lastKnownFileType = sourcecode.cpp.cpp; name = ofAppGlutWindow.cpp; path = ../../../libs/openFrameworks/app/ofAppGlutWindow.cpp; sourceTree = SOURCE_ROOT; };
		E42962EB2163EDD300A6A9E2 /* ofWindowSettings.h */ = {isa = PBXFileReference; lastKnownFileType = sourcecode.c.h; name = ofWindowSettings.h; path = ../../../libs/openFrameworks/app/ofWindowSettings.h; sourceTree = SOURCE_ROOT; };
		E42962EC2163EDD300A6A9E2 /* ofAppEGLWindow.cpp */ = {isa = PBXFileReference; lastKnownFileType = sourcecode.cpp.cpp; name = ofAppEGLWindow.cpp; path = ../../../libs/openFrameworks/app/ofAppEGLWindow.cpp; sourceTree = SOURCE_ROOT; };
		E42962ED2163EDD300A6A9E2 /* ofAppBaseWindow.h */ = {isa = PBXFileReference; lastKnownFileType = sourcecode.c.h; name = ofAppBaseWindow.h; path = ../../../libs/openFrameworks/app/ofAppBaseWindow.h; sourceTree = SOURCE_ROOT; };
		E42962EE2163EDD300A6A9E2 /* ofIcon.h */ = {isa = PBXFileReference; lastKnownFileType = sourcecode.c.h; name = ofIcon.h; path = ../../../libs/openFrameworks/app/ofIcon.h; sourceTree = SOURCE_ROOT; };
		E42962EF2163EDD300A6A9E2 /* ofAppNoWindow.h */ = {isa = PBXFileReference; lastKnownFileType = sourcecode.c.h; name = ofAppNoWindow.h; path = ../../../libs/openFrameworks/app/ofAppNoWindow.h; sourceTree = SOURCE_ROOT; };
		E42962F02163EDD300A6A9E2 /* ofBaseApp.h */ = {isa = PBXFileReference; lastKnownFileType = sourcecode.c.h; name = ofBaseApp.h; path = ../../../libs/openFrameworks/app/ofBaseApp.h; sourceTree = SOURCE_ROOT; };
		E42962F12163EDD300A6A9E2 /* ofAppEGLWindow.h */ = {isa = PBXFileReference; lastKnownFileType = sourcecode.c.h; name = ofAppEGLWindow.h; path = ../../../libs/openFrameworks/app/ofAppEGLWindow.h; sourceTree = SOURCE_ROOT; };
		E42962F22163EDD300A6A9E2 /* ofMainLoop.cpp */ = {isa = PBXFileReference; lastKnownFileType = sourcecode.cpp.cpp; name = ofMainLoop.cpp; path = ../../../libs/openFrameworks/app/ofMainLoop.cpp; sourceTree = SOURCE_ROOT; };
		E42962F32163EDD300A6A9E2 /* ofAppRunner.h */ = {isa = PBXFileReference; lastKnownFileType = sourcecode.c.h; name = ofAppRunner.h; path = ../../../libs/openFrameworks/app/ofAppRunner.h; sourceTree = SOURCE_ROOT; };
		E42962F42163EDD300A6A9E2 /* ofAppNoWindow.cpp */ = {isa = PBXFileReference; lastKnownFileType = sourcecode.cpp.cpp; name = ofAppNoWindow.cpp; path = ../../../libs/openFrameworks/app/ofAppNoWindow.cpp; sourceTree = SOURCE_ROOT; };
		E42962F52163EDD300A6A9E2 /* ofAppGLFWWindow.cpp */ = {isa = PBXFileReference; lastKnownFileType = sourcecode.cpp.cpp; name = ofAppGLFWWindow.cpp; path = ../../../libs/openFrameworks/app/ofAppGLFWWindow.cpp; sourceTree = SOURCE_ROOT; };
		E42962F62163EDD300A6A9E2 /* ofAppGlutWindow.h */ = {isa = PBXFileReference; lastKnownFileType = sourcecode.c.h; name = ofAppGlutWindow.h; path = ../../../libs/openFrameworks/app/ofAppGlutWindow.h; sourceTree = SOURCE_ROOT; };
		E42962F72163EDD300A6A9E2 /* ofAppRunner.cpp */ = {isa = PBXFileReference; lastKnownFileType = sourcecode.cpp.cpp; name = ofAppRunner.cpp; path = ../../../libs/openFrameworks/app/ofAppRunner.cpp; sourceTree = SOURCE_ROOT; };
		E42962F82163EDD300A6A9E2 /* ofAppGLFWWindow.h */ = {isa = PBXFileReference; lastKnownFileType = sourcecode.c.h; name = ofAppGLFWWindow.h; path = ../../../libs/openFrameworks/app/ofAppGLFWWindow.h; sourceTree = SOURCE_ROOT; };
		E42962F92163EDD300A6A9E2 /* ofMain.h */ = {isa = PBXFileReference; lastKnownFileType = sourcecode.c.h; name = ofMain.h; path = ../../../libs/openFrameworks/ofMain.h; sourceTree = SOURCE_ROOT; };
		E42962FB2163EDD300A6A9E2 /* ofThreadChannel.h */ = {isa = PBXFileReference; lastKnownFileType = sourcecode.c.h; name = ofThreadChannel.h; path = ../../../libs/openFrameworks/utils/ofThreadChannel.h; sourceTree = SOURCE_ROOT; };
		E42962FC2163EDD300A6A9E2 /* ofThread.cpp */ = {isa = PBXFileReference; lastKnownFileType = sourcecode.cpp.cpp; name = ofThread.cpp; path = ../../../libs/openFrameworks/utils/ofThread.cpp; sourceTree = SOURCE_ROOT; };
		E42962FD2163EDD300A6A9E2 /* ofFpsCounter.cpp */ = {isa = PBXFileReference; lastKnownFileType = sourcecode.cpp.cpp; name = ofFpsCounter.cpp; path = ../../../libs/openFrameworks/utils/ofFpsCounter.cpp; sourceTree = SOURCE_ROOT; };
		E42962FE2163EDD300A6A9E2 /* ofURLFileLoader.cpp */ = {isa = PBXFileReference; lastKnownFileType = sourcecode.cpp.cpp; name = ofURLFileLoader.cpp; path = ../../../libs/openFrameworks/utils/ofURLFileLoader.cpp; sourceTree = SOURCE_ROOT; };
		E42962FF2163EDD300A6A9E2 /* ofConstants.h */ = {isa = PBXFileReference; lastKnownFileType = sourcecode.c.h; name = ofConstants.h; path = ../../../libs/openFrameworks/utils/ofConstants.h; sourceTree = SOURCE_ROOT; };
		E42963002163EDD300A6A9E2 /* ofXml.h */ = {isa = PBXFileReference; lastKnownFileType = sourcecode.c.h; name = ofXml.h; path = ../../../libs/openFrameworks/utils/ofXml.h; sourceTree = SOURCE_ROOT; };
		E42963012163EDD300A6A9E2 /* ofFpsCounter.h */ = {isa = PBXFileReference; lastKnownFileType = sourcecode.c.h; name = ofFpsCounter.h; path = ../../../libs/openFrameworks/utils/ofFpsCounter.h; sourceTree = SOURCE_ROOT; };
		E42963022163EDD300A6A9E2 /* ofLog.h */ = {isa = PBXFileReference; lastKnownFileType = sourcecode.c.h; name = ofLog.h; path = ../../../libs/openFrameworks/utils/ofLog.h; sourceTree = SOURCE_ROOT; };
		E42963032163EDD300A6A9E2 /* ofSystemUtils.h */ = {isa = PBXFileReference; lastKnownFileType = sourcecode.c.h; name = ofSystemUtils.h; path = ../../../libs/openFrameworks/utils/ofSystemUtils.h; sourceTree = SOURCE_ROOT; };
		E42963042163EDD300A6A9E2 /* ofSystemUtils.cpp */ = {isa = PBXFileReference; lastKnownFileType = sourcecode.cpp.cpp; name = ofSystemUtils.cpp; path = ../../../libs/openFrameworks/utils/ofSystemUtils.cpp; sourceTree = SOURCE_ROOT; };
		E42963052163EDD300A6A9E2 /* ofUtils.h */ = {isa = PBXFileReference; lastKnownFileType = sourcecode.c.h; name = ofUtils.h; path = ../../../libs/openFrameworks/utils/ofUtils.h; sourceTree = SOURCE_ROOT; };
		E42963062163EDD300A6A9E2 /* ofNoise.h */ = {isa = PBXFileReference; lastKnownFileType = sourcecode.c.h; name = ofNoise.h; path = ../../../libs/openFrameworks/utils/ofNoise.h; sourceTree = SOURCE_ROOT; };
		E42963072163EDD300A6A9E2 /* ofLog.cpp */ = {isa = PBXFileReference; lastKnownFileType = sourcecode.cpp.cpp; name = ofLog.cpp; path = ../../../libs/openFrameworks/utils/ofLog.cpp; sourceTree = SOURCE_ROOT; };
		E42963082163EDD300A6A9E2 /* ofTimer.cpp */ = {isa = PBXFileReference; lastKnownFileType = sourcecode.cpp.cpp; name = ofTimer.cpp; path = ../../../libs/openFrameworks/utils/ofTimer.cpp; sourceTree = SOURCE_ROOT; };
		E42963092163EDD300A6A9E2 /* ofFileUtils.h */ = {isa = PBXFileReference; lastKnownFileType = sourcecode.c.h; name = ofFileUtils.h; path = ../../../libs/openFrameworks/utils/ofFileUtils.h; sourceTree = SOURCE_ROOT; };
		E429630A2163EDD300A6A9E2 /* ofThread.h */ = {isa = PBXFileReference; lastKnownFileType = sourcecode.c.h; name = ofThread.h; path = ../../../libs/openFrameworks/utils/ofThread.h; sourceTree = SOURCE_ROOT; };
		E429630B2163EDD300A6A9E2 /* ofURLFileLoader.h */ = {isa = PBXFileReference; lastKnownFileType = sourcecode.c.h; name = ofURLFileLoader.h; path = ../../../libs/openFrameworks/utils/ofURLFileLoader.h; sourceTree = SOURCE_ROOT; };
		E429630C2163EDD300A6A9E2 /* ofJson.h */ = {isa = PBXFileReference; lastKnownFileType = sourcecode.c.h; name = ofJson.h; path = ../../../libs/openFrameworks/utils/ofJson.h; sourceTree = SOURCE_ROOT; };
		E429630D2163EDD300A6A9E2 /* ofFileUtils.cpp */ = {isa = PBXFileReference; lastKnownFileType = sourcecode.cpp.cpp; name = ofFileUtils.cpp; path = ../../../libs/openFrameworks/utils/ofFileUtils.cpp; sourceTree = SOURCE_ROOT; };
		E429630E2163EDD300A6A9E2 /* ofMatrixStack.cpp */ = {isa = PBXFileReference; lastKnownFileType = sourcecode.cpp.cpp; name = ofMatrixStack.cpp; path = ../../../libs/openFrameworks/utils/ofMatrixStack.cpp; sourceTree = SOURCE_ROOT; };
		E429630F2163EDD300A6A9E2 /* ofUtils.cpp */ = {isa = PBXFileReference; lastKnownFileType = sourcecode.cpp.cpp; name = ofUtils.cpp; path = ../../../libs/openFrameworks/utils/ofUtils.cpp; sourceTree = SOURCE_ROOT; };
		E42963102163EDD300A6A9E2 /* ofXml.cpp */ = {isa = PBXFileReference; lastKnownFileType = sourcecode.cpp.cpp; name = ofXml.cpp; path = ../../../libs/openFrameworks/utils/ofXml.cpp; sourceTree = SOURCE_ROOT; };
		E42963112163EDD300A6A9E2 /* ofMatrixStack.h */ = {isa = PBXFileReference; lastKnownFileType = sourcecode.c.h; name = ofMatrixStack.h; path = ../../../libs/openFrameworks/utils/ofMatrixStack.h; sourceTree = SOURCE_ROOT; };
		E42963122163EDD300A6A9E2 /* ofTimer.h */ = {isa = PBXFileReference; lastKnownFileType = sourcecode.c.h; name = ofTimer.h; path = ../../../libs/openFrameworks/utils/ofTimer.h; sourceTree = SOURCE_ROOT; };
		E42963142163EDD300A6A9E2 /* ofVec2f.cpp */ = {isa = PBXFileReference; lastKnownFileType = sourcecode.cpp.cpp; name = ofVec2f.cpp; path = ../../../libs/openFrameworks/math/ofVec2f.cpp; sourceTree = SOURCE_ROOT; };
		E42963152163EDD300A6A9E2 /* ofVec4f.cpp */ = {isa = PBXFileReference; lastKnownFileType = sourcecode.cpp.cpp; name = ofVec4f.cpp; path = ../../../libs/openFrameworks/math/ofVec4f.cpp; sourceTree = SOURCE_ROOT; };
		E42963162163EDD300A6A9E2 /* ofVec4f.h */ = {isa = PBXFileReference; lastKnownFileType = sourcecode.c.h; name = ofVec4f.h; path = ../../../libs/openFrameworks/math/ofVec4f.h; sourceTree = SOURCE_ROOT; };
		E42963172163EDD300A6A9E2 /* ofMath.cpp */ = {isa = PBXFileReference; lastKnownFileType = sourcecode.cpp.cpp; name = ofMath.cpp; path = ../../../libs/openFrameworks/math/ofMath.cpp; sourceTree = SOURCE_ROOT; };
		E42963182163EDD300A6A9E2 /* ofMathConstants.h */ = {isa = PBXFileReference; lastKnownFileType = sourcecode.c.h; name = ofMathConstants.h; path = ../../../libs/openFrameworks/math/ofMathConstants.h; sourceTree = SOURCE_ROOT; };
		E42963192163EDD300A6A9E2 /* ofMatrix4x4.h */ = {isa = PBXFileReference; lastKnownFileType = sourcecode.c.h; name = ofMatrix4x4.h; path = ../../../libs/openFrameworks/math/ofMatrix4x4.h; sourceTree = SOURCE_ROOT; };
		E429631A2163EDD300A6A9E2 /* ofVec3f.h */ = {isa = PBXFileReference; lastKnownFileType = sourcecode.c.h; name = ofVec3f.h; path = ../../../libs/openFrameworks/math/ofVec3f.h; sourceTree = SOURCE_ROOT; };
		E429631B2163EDD300A6A9E2 /* ofMatrix3x3.cpp */ = {isa = PBXFileReference; lastKnownFileType = sourcecode.cpp.cpp; name = ofMatrix3x3.cpp; path = ../../../libs/openFrameworks/math/ofMatrix3x3.cpp; sourceTree = SOURCE_ROOT; };
		E429631C2163EDD300A6A9E2 /* ofMath.h */ = {isa = PBXFileReference; lastKnownFileType = sourcecode.c.h; name = ofMath.h; path = ../../../libs/openFrameworks/math/ofMath.h; sourceTree = SOURCE_ROOT; };
		E429631D2163EDD300A6A9E2 /* ofQuaternion.h */ = {isa = PBXFileReference; lastKnownFileType = sourcecode.c.h; name = ofQuaternion.h; path = ../../../libs/openFrameworks/math/ofQuaternion.h; sourceTree = SOURCE_ROOT; };
		E429631E2163EDD300A6A9E2 /* ofVectorMath.h */ = {isa = PBXFileReference; lastKnownFileType = sourcecode.c.h; name = ofVectorMath.h; path = ../../../libs/openFrameworks/math/ofVectorMath.h; sourceTree = SOURCE_ROOT; };
		E429631F2163EDD300A6A9E2 /* ofQuaternion.cpp */ = {isa = PBXFileReference; lastKnownFileType = sourcecode.cpp.cpp; name = ofQuaternion.cpp; path = ../../../libs/openFrameworks/math/ofQuaternion.cpp; sourceTree = SOURCE_ROOT; };
		E42963202163EDD300A6A9E2 /* ofVec2f.h */ = {isa = PBXFileReference; lastKnownFileType = sourcecode.c.h; name = ofVec2f.h; path = ../../../libs/openFrameworks/math/ofVec2f.h; sourceTree = SOURCE_ROOT; };
		E42963212163EDD300A6A9E2 /* ofMatrix4x4.cpp */ = {isa = PBXFileReference; lastKnownFileType = sourcecode.cpp.cpp; name = ofMatrix4x4.cpp; path = ../../../libs/openFrameworks/math/ofMatrix4x4.cpp; sourceTree = SOURCE_ROOT; };
		E42963222163EDD300A6A9E2 /* ofMatrix3x3.h */ = {isa = PBXFileReference; lastKnownFileType = sourcecode.c.h; name = ofMatrix3x3.h; path = ../../../libs/openFrameworks/math/ofMatrix3x3.h; sourceTree = SOURCE_ROOT; };
		E42963262163EDD300A6A9E2 /* ofVboMesh.h */ = {isa = PBXFileReference; lastKnownFileType = sourcecode.c.h; name = ofVboMesh.h; path = ../../../libs/openFrameworks/gl/ofVboMesh.h; sourceTree = SOURCE_ROOT; };
		E42963272163EDD300A6A9E2 /* ofTexture.h */ = {isa = PBXFileReference; lastKnownFileType = sourcecode.c.h; name = ofTexture.h; path = ../../../libs/openFrameworks/gl/ofTexture.h; sourceTree = SOURCE_ROOT; };
		E42963282163EDD300A6A9E2 /* ofShader.h */ = {isa = PBXFileReference; lastKnownFileType = sourcecode.c.h; name = ofShader.h; path = ../../../libs/openFrameworks/gl/ofShader.h; sourceTree = SOURCE_ROOT; };
		E42963292163EDD300A6A9E2 /* ofMaterial.cpp */ = {isa = PBXFileReference; lastKnownFileType = sourcecode.cpp.cpp; name = ofMaterial.cpp; path = ../../../libs/openFrameworks/gl/ofMaterial.cpp; sourceTree = SOURCE_ROOT; };
		E429632A2163EDD300A6A9E2 /* ofFbo.cpp */ = {isa = PBXFileReference; lastKnownFileType = sourcecode.cpp.cpp; name = ofFbo.cpp; path = ../../../libs/openFrameworks/gl/ofFbo.cpp; sourceTree = SOURCE_ROOT; };
		E429632B2163EDD300A6A9E2 /* ofLight.h */ = {isa = PBXFileReference; lastKnownFileType = sourcecode.c.h; name = ofLight.h; path = ../../../libs/openFrameworks/gl/ofLight.h; sourceTree = SOURCE_ROOT; };
		E429632C2163EDD300A6A9E2 /* ofMaterial.h */ = {isa = PBXFileReference; lastKnownFileType = sourcecode.c.h; name = ofMaterial.h; path = ../../../libs/openFrameworks/gl/ofMaterial.h; sourceTree = SOURCE_ROOT; };
		E429632D2163EDD300A6A9E2 /* ofShader.cpp */ = {isa = PBXFileReference; lastKnownFileType = sourcecode.cpp.cpp; name = ofShader.cpp; path = ../../../libs/openFrameworks/gl/ofShader.cpp; sourceTree = SOURCE_ROOT; };
		E429632E2163EDD300A6A9E2 /* ofBufferObject.cpp */ = {isa = PBXFileReference; lastKnownFileType = sourcecode.cpp.cpp; name = ofBufferObject.cpp; path = ../../../libs/openFrameworks/gl/ofBufferObject.cpp; sourceTree = SOURCE_ROOT; };
		E429632F2163EDD300A6A9E2 /* ofVboMesh.cpp */ = {isa = PBXFileReference; lastKnownFileType = sourcecode.cpp.cpp; name = ofVboMesh.cpp; path = ../../../libs/openFrameworks/gl/ofVboMesh.cpp; sourceTree = SOURCE_ROOT; };
		E42963302163EDD300A6A9E2 /* ofGLUtils.cpp */ = {isa = PBXFileReference; lastKnownFileType = sourcecode.cpp.cpp; name = ofGLUtils.cpp; path = ../../../libs/openFrameworks/gl/ofGLUtils.cpp; sourceTree = SOURCE_ROOT; };
		E42963312163EDD300A6A9E2 /* ofVbo.h */ = {isa = PBXFileReference; lastKnownFileType = sourcecode.c.h; name = ofVbo.h; path = ../../../libs/openFrameworks/gl/ofVbo.h; sourceTree = SOURCE_ROOT; };
		E42963322163EDD300A6A9E2 /* ofLight.cpp */ = {isa = PBXFileReference; lastKnownFileType = sourcecode.cpp.cpp; name = ofLight.cpp; path = ../../../libs/openFrameworks/gl/ofLight.cpp; sourceTree = SOURCE_ROOT; };
		E42963332163EDD300A6A9E2 /* ofBufferObject.h */ = {isa = PBXFileReference; lastKnownFileType = sourcecode.c.h; name = ofBufferObject.h; path = ../../../libs/openFrameworks/gl/ofBufferObject.h; sourceTree = SOURCE_ROOT; };
		E42963342163EDD300A6A9E2 /* ofGLProgrammableRenderer.cpp */ = {isa = PBXFileReference; lastKnownFileType = sourcecode.cpp.cpp; name = ofGLProgrammableRenderer.cpp; path = ../../../libs/openFrameworks/gl/ofGLProgrammableRenderer.cpp; sourceTree = SOURCE_ROOT; };
		E42963382163EDD300A6A9E2 /* ofFbo.h */ = {isa = PBXFileReference; lastKnownFileType = sourcecode.c.h; name = ofFbo.h; path = ../../../libs/openFrameworks/gl/ofFbo.h; sourceTree = SOURCE_ROOT; };
		E42963392163EDD300A6A9E2 /* ofGLBaseTypes.h */ = {isa = PBXFileReference; lastKnownFileType = sourcecode.c.h; name = ofGLBaseTypes.h; path = ../../../libs/openFrameworks/gl/ofGLBaseTypes.h; sourceTree = SOURCE_ROOT; };
		E429633A2163EDD300A6A9E2 /* ofVbo.cpp */ = {isa = PBXFileReference; lastKnownFileType = sourcecode.cpp.cpp; name = ofVbo.cpp; path = ../../../libs/openFrameworks/gl/ofVbo.cpp; sourceTree = SOURCE_ROOT; };
		E429633B2163EDD300A6A9E2 /* ofGLProgrammableRenderer.h */ = {isa = PBXFileReference; lastKnownFileType = sourcecode.c.h; name = ofGLProgrammableRenderer.h; path = ../../../libs/openFrameworks/gl/ofGLProgrammableRenderer.h; sourceTree = SOURCE_ROOT; };
		E429633C2163EDD300A6A9E2 /* ofTexture.cpp */ = {isa = PBXFileReference; lastKnownFileType = sourcecode.cpp.cpp; name = ofTexture.cpp; path = ../../../libs/openFrameworks/gl/ofTexture.cpp; sourceTree = SOURCE_ROOT; };
		E429633D2163EDD300A6A9E2 /* ofGLUtils.h */ = {isa = PBXFileReference; lastKnownFileType = sourcecode.c.h; name = ofGLUtils.h; path = ../../../libs/openFrameworks/gl/ofGLUtils.h; sourceTree = SOURCE_ROOT; };
		E429633E2163EDD300A6A9E2 /* ofGLRenderer.cpp */ = {isa = PBXFileReference; lastKnownFileType = sourcecode.cpp.cpp; name = ofGLRenderer.cpp; path = ../../../libs/openFrameworks/gl/ofGLRenderer.cpp; sourceTree = SOURCE_ROOT; };
		E429633F2163EDD300A6A9E2 /* ofGLRenderer.h */ = {isa = PBXFileReference; lastKnownFileType = sourcecode.c.h; name = ofGLRenderer.h; path = ../../../libs/openFrameworks/gl/ofGLRenderer.h; sourceTree = SOURCE_ROOT; };
		E42963412163EDD300A6A9E2 /* ofArduino.h */ = {isa = PBXFileReference; lastKnownFileType = sourcecode.c.h; name = ofArduino.h; path = ../../../libs/openFrameworks/communication/ofArduino.h; sourceTree = SOURCE_ROOT; };
		E42963422163EDD300A6A9E2 /* ofSerial.cpp */ = {isa = PBXFileReference; lastKnownFileType = sourcecode.cpp.cpp; name = ofSerial.cpp; path = ../../../libs/openFrameworks/communication/ofSerial.cpp; sourceTree = SOURCE_ROOT; };
		E42963432163EDD300A6A9E2 /* ofSerial.h */ = {isa = PBXFileReference; lastKnownFileType = sourcecode.c.h; name = ofSerial.h; path = ../../../libs/openFrameworks/communication/ofSerial.h; sourceTree = SOURCE_ROOT; };
		E42963442163EDD300A6A9E2 /* ofArduino.cpp */ = {isa = PBXFileReference; lastKnownFileType = sourcecode.cpp.cpp; name = ofArduino.cpp; path = ../../../libs/openFrameworks/communication/ofArduino.cpp; sourceTree = SOURCE_ROOT; };
		E42963462163EDD300A6A9E2 /* ofEventUtils.h */ = {isa = PBXFileReference; lastKnownFileType = sourcecode.c.h; name = ofEventUtils.h; path = ../../../libs/openFrameworks/events/ofEventUtils.h; sourceTree = SOURCE_ROOT; };
		E42963472163EDD300A6A9E2 /* ofEvent.h */ = {isa = PBXFileReference; lastKnownFileType = sourcecode.c.h; name = ofEvent.h; path = ../../../libs/openFrameworks/events/ofEvent.h; sourceTree = SOURCE_ROOT; };
		E42963482163EDD300A6A9E2 /* ofEvents.h */ = {isa = PBXFileReference; lastKnownFileType = sourcecode.c.h; name = ofEvents.h; path = ../../../libs/openFrameworks/events/ofEvents.h; sourceTree = SOURCE_ROOT; };
		E42963492163EDD300A6A9E2 /* ofEvents.cpp */ = {isa = PBXFileReference; lastKnownFileType = sourcecode.cpp.cpp; name = ofEvents.cpp; path = ../../../libs/openFrameworks/events/ofEvents.cpp; sourceTree = SOURCE_ROOT; };
		E429634B2163EDD300A6A9E2 /* ofGraphicsBaseTypes.h */ = {isa = PBXFileReference; lastKnownFileType = sourcecode.c.h; name = ofGraphicsBaseTypes.h; path = ../../../libs/openFrameworks/graphics/ofGraphicsBaseTypes.h; sourceTree = SOURCE_ROOT; };
		E429634C2163EDD300A6A9E2 /* ofPath.h */ = {isa = PBXFileReference; lastKnownFileType = sourcecode.c.h; name = ofPath.h; path = ../../../libs/openFrameworks/graphics/ofPath.h; sourceTree = SOURCE_ROOT; };
		E429634D2163EDD300A6A9E2 /* ofBitmapFont.cpp */ = {isa = PBXFileReference; lastKnownFileType = sourcecode.cpp.cpp; name = ofBitmapFont.cpp; path = ../../../libs/openFrameworks/graphics/ofBitmapFont.cpp; sourceTree = SOURCE_ROOT; };
		E429634E2163EDD300A6A9E2 /* ofTrueTypeFont.h */ = {isa = PBXFileReference; lastKnownFileType = sourcecode.c.h; name = ofTrueTypeFont.h; path = ../../../libs/openFrameworks/graphics/ofTrueTypeFont.h; sourceTree = SOURCE_ROOT; };
		E429634F2163EDD300A6A9E2 /* ofTessellator.cpp */ = {isa = PBXFileReference; lastKnownFileType = sourcecode.cpp.cpp; name = ofTessellator.cpp; path = ../../../libs/openFrameworks/graphics/ofTessellator.cpp; sourceTree = SOURCE_ROOT; };
		E42963502163EDD300A6A9E2 /* ofGraphics.cpp */ = {isa = PBXFileReference; lastKnownFileType = sourcecode.cpp.cpp; name = ofGraphics.cpp; path = ../../../libs/openFrameworks/graphics/ofGraphics.cpp; sourceTree = SOURCE_ROOT; };
		E42963512163EDD300A6A9E2 /* ofPolyline.h */ = {isa = PBXFileReference; lastKnownFileType = sourcecode.c.h; name = ofPolyline.h; path = ../../../libs/openFrameworks/graphics/ofPolyline.h; sourceTree = SOURCE_ROOT; };
		E42963522163EDD300A6A9E2 /* ofGraphicsBaseTypes.cpp */ = {isa = PBXFileReference; lastKnownFileType = sourcecode.cpp.cpp; name = ofGraphicsBaseTypes.cpp; path = ../../../libs/openFrameworks/graphics/ofGraphicsBaseTypes.cpp; sourceTree = SOURCE_ROOT; };
		E42963532163EDD300A6A9E2 /* ofCairoRenderer.cpp */ = {isa = PBXFileReference; lastKnownFileType = sourcecode.cpp.cpp; name = ofCairoRenderer.cpp; path = ../../../libs/openFrameworks/graphics/ofCairoRenderer.cpp; sourceTree = SOURCE_ROOT; };
		E42963542163EDD300A6A9E2 /* ofRendererCollection.cpp */ = {isa = PBXFileReference; lastKnownFileType = sourcecode.cpp.cpp; name = ofRendererCollection.cpp; path = ../../../libs/openFrameworks/graphics/ofRendererCollection.cpp; sourceTree = SOURCE_ROOT; };
		E42963552163EDD300A6A9E2 /* ofPath.cpp */ = {isa = PBXFileReference; lastKnownFileType = sourcecode.cpp.cpp; name = ofPath.cpp; path = ../../../libs/openFrameworks/graphics/ofPath.cpp; sourceTree = SOURCE_ROOT; };
		E42963562163EDD300A6A9E2 /* ofPixels.cpp */ = {isa = PBXFileReference; lastKnownFileType = sourcecode.cpp.cpp; name = ofPixels.cpp; path = ../../../libs/openFrameworks/graphics/ofPixels.cpp; sourceTree = SOURCE_ROOT; };
		E42963572163EDD300A6A9E2 /* ofPolyline.inl */ = {isa = PBXFileReference; lastKnownFileType = text; name = ofPolyline.inl; path = ../../../libs/openFrameworks/graphics/ofPolyline.inl; sourceTree = SOURCE_ROOT; };
		E42963582163EDD300A6A9E2 /* of3dGraphics.cpp */ = {isa = PBXFileReference; lastKnownFileType = sourcecode.cpp.cpp; name = of3dGraphics.cpp; path = ../../../libs/openFrameworks/graphics/of3dGraphics.cpp; sourceTree = SOURCE_ROOT; };
		E42963592163EDD300A6A9E2 /* ofImage.h */ = {isa = PBXFileReference; lastKnownFileType = sourcecode.c.h; name = ofImage.h; path = ../../../libs/openFrameworks/graphics/ofImage.h; sourceTree = SOURCE_ROOT; };
		E429635A2163EDD300A6A9E2 /* ofPixels.h */ = {isa = PBXFileReference; lastKnownFileType = sourcecode.c.h; name = ofPixels.h; path = ../../../libs/openFrameworks/graphics/ofPixels.h; sourceTree = SOURCE_ROOT; };
		E429635B2163EDD300A6A9E2 /* ofCairoRenderer.h */ = {isa = PBXFileReference; lastKnownFileType = sourcecode.c.h; name = ofCairoRenderer.h; path = ../../../libs/openFrameworks/graphics/ofCairoRenderer.h; sourceTree = SOURCE_ROOT; };
		E429635C2163EDD300A6A9E2 /* ofBitmapFont.h */ = {isa = PBXFileReference; lastKnownFileType = sourcecode.c.h; name = ofBitmapFont.h; path = ../../../libs/openFrameworks/graphics/ofBitmapFont.h; sourceTree = SOURCE_ROOT; };
		E429635D2163EDD300A6A9E2 /* ofTrueTypeFont.cpp */ = {isa = PBXFileReference; lastKnownFileType = sourcecode.cpp.cpp; name = ofTrueTypeFont.cpp; path = ../../../libs/openFrameworks/graphics/ofTrueTypeFont.cpp; sourceTree = SOURCE_ROOT; };
		E429635E2163EDD300A6A9E2 /* ofRendererCollection.h */ = {isa = PBXFileReference; lastKnownFileType = sourcecode.c.h; name = ofRendererCollection.h; path = ../../../libs/openFrameworks/graphics/ofRendererCollection.h; sourceTree = SOURCE_ROOT; };
		E429635F2163EDD300A6A9E2 /* ofGraphics.h */ = {isa = PBXFileReference; lastKnownFileType = sourcecode.c.h; name = ofGraphics.h; path = ../../../libs/openFrameworks/graphics/ofGraphics.h; sourceTree = SOURCE_ROOT; };
		E42963602163EDD300A6A9E2 /* ofGraphicsConstants.h */ = {isa = PBXFileReference; lastKnownFileType = sourcecode.c.h; name = ofGraphicsConstants.h; path = ../../../libs/openFrameworks/graphics/ofGraphicsConstants.h; sourceTree = SOURCE_ROOT; };
		E42963612163EDD300A6A9E2 /* ofImage.cpp */ = {isa = PBXFileReference; lastKnownFileType = sourcecode.cpp.cpp; name = ofImage.cpp; path = ../../../libs/openFrameworks/graphics/ofImage.cpp; sourceTree = SOURCE_ROOT; };
		E42963622163EDD300A6A9E2 /* of3dGraphics.h */ = {isa = PBXFileReference; lastKnownFileType = sourcecode.c.h; name = of3dGraphics.h; path = ../../../libs/openFrameworks/graphics/of3dGraphics.h; sourceTree = SOURCE_ROOT; };
		E42963632163EDD300A6A9E2 /* ofTessellator.h */ = {isa = PBXFileReference; lastKnownFileType = sourcecode.c.h; name = ofTessellator.h; path = ../../../libs/openFrameworks/graphics/ofTessellator.h; sourceTree = SOURCE_ROOT; };
		E42963652163EDD300A6A9E2 /* ofSoundStream.cpp */ = {isa = PBXFileReference; lastKnownFileType = sourcecode.cpp.cpp; name = ofSoundStream.cpp; path = ../../../libs/openFrameworks/sound/ofSoundStream.cpp; sourceTree = SOURCE_ROOT; };
		E42963662163EDD300A6A9E2 /* ofSoundStream.h */ = {isa = PBXFileReference; lastKnownFileType = sourcecode.c.h; name = ofSoundStream.h; path = ../../../libs/openFrameworks/sound/ofSoundStream.h; sourceTree = SOURCE_ROOT; };
		E42963672163EDD300A6A9E2 /* ofSoundPlayer.h */ = {isa = PBXFileReference; lastKnownFileType = sourcecode.c.h; name = ofSoundPlayer.h; path = ../../../libs/openFrameworks/sound/ofSoundPlayer.h; sourceTree = SOURCE_ROOT; };
		E42963682163EDD300A6A9E2 /* ofOpenALSoundPlayer.h */ = {isa = PBXFileReference; lastKnownFileType = sourcecode.c.h; name = ofOpenALSoundPlayer.h; path = ../../../libs/openFrameworks/sound/ofOpenALSoundPlayer.h; sourceTree = SOURCE_ROOT; };
		E42963692163EDD300A6A9E2 /* ofRtAudioSoundStream.cpp */ = {isa = PBXFileReference; lastKnownFileType = sourcecode.cpp.cpp; name = ofRtAudioSoundStream.cpp; path = ../../../libs/openFrameworks/sound/ofRtAudioSoundStream.cpp; sourceTree = SOURCE_ROOT; };
		E429636A2163EDD300A6A9E2 /* ofFmodSoundPlayer.cpp */ = {isa = PBXFileReference; lastKnownFileType = sourcecode.cpp.cpp; name = ofFmodSoundPlayer.cpp; path = ../../../libs/openFrameworks/sound/ofFmodSoundPlayer.cpp; sourceTree = SOURCE_ROOT; };
		E429636B2163EDD300A6A9E2 /* ofSoundBaseTypes.cpp */ = {isa = PBXFileReference; lastKnownFileType = sourcecode.cpp.cpp; name = ofSoundBaseTypes.cpp; path = ../../../libs/openFrameworks/sound/ofSoundBaseTypes.cpp; sourceTree = SOURCE_ROOT; };
		E429636C2163EDD300A6A9E2 /* ofOpenALSoundPlayer.cpp */ = {isa = PBXFileReference; lastKnownFileType = sourcecode.cpp.cpp; name = ofOpenALSoundPlayer.cpp; path = ../../../libs/openFrameworks/sound/ofOpenALSoundPlayer.cpp; sourceTree = SOURCE_ROOT; };
		E429636D2163EDD300A6A9E2 /* ofSoundPlayer.cpp */ = {isa = PBXFileReference; lastKnownFileType = sourcecode.cpp.cpp; name = ofSoundPlayer.cpp; path = ../../../libs/openFrameworks/sound/ofSoundPlayer.cpp; sourceTree = SOURCE_ROOT; };
		E429636E2163EDD300A6A9E2 /* ofRtAudioSoundStream.h */ = {isa = PBXFileReference; lastKnownFileType = sourcecode.c.h; name = ofRtAudioSoundStream.h; path = ../../../libs/openFrameworks/sound/ofRtAudioSoundStream.h; sourceTree = SOURCE_ROOT; };
		E429636F2163EDD300A6A9E2 /* ofSoundUtils.h */ = {isa = PBXFileReference; lastKnownFileType = sourcecode.c.h; name = ofSoundUtils.h; path = ../../../libs/openFrameworks/sound/ofSoundUtils.h; sourceTree = SOURCE_ROOT; };
		E42963702163EDD300A6A9E2 /* ofSoundBuffer.h */ = {isa = PBXFileReference; lastKnownFileType = sourcecode.c.h; name = ofSoundBuffer.h; path = ../../../libs/openFrameworks/sound/ofSoundBuffer.h; sourceTree = SOURCE_ROOT; };
		E42963712163EDD300A6A9E2 /* ofFmodSoundPlayer.h */ = {isa = PBXFileReference; lastKnownFileType = sourcecode.c.h; name = ofFmodSoundPlayer.h; path = ../../../libs/openFrameworks/sound/ofFmodSoundPlayer.h; sourceTree = SOURCE_ROOT; };
		E42963722163EDD300A6A9E2 /* ofSoundBuffer.cpp */ = {isa = PBXFileReference; lastKnownFileType = sourcecode.cpp.cpp; name = ofSoundBuffer.cpp; path = ../../../libs/openFrameworks/sound/ofSoundBuffer.cpp; sourceTree = SOURCE_ROOT; };
		E42963732163EDD300A6A9E2 /* ofSoundBaseTypes.h */ = {isa = PBXFileReference; lastKnownFileType = sourcecode.c.h; name = ofSoundBaseTypes.h; path = ../../../libs/openFrameworks/sound/ofSoundBaseTypes.h; sourceTree = SOURCE_ROOT; };
		E4B69B5B0A3A1756003C02F2 /* example-multicamDebug.app */ = {isa = PBXFileReference; explicitFileType = wrapper.application; includeInIndex = 0; path = "example-multicamDebug.app"; sourceTree = BUILT_PRODUCTS_DIR; };
		E4B69E1D0A3A1BDC003C02F2 /* main.cpp */ = {isa = PBXFileReference; fileEncoding = 4; lastKnownFileType = sourcecode.cpp.cpp; name = main.cpp; path = src/main.cpp; sourceTree = SOURCE_ROOT; };
		E4B69E1E0A3A1BDC003C02F2 /* ofApp.cpp */ = {isa = PBXFileReference; explicitFileType = sourcecode.cpp.cpp; fileEncoding = 4; name = ofApp.cpp; path = src/ofApp.cpp; sourceTree = SOURCE_ROOT; };
		E4B69E1F0A3A1BDC003C02F2 /* ofApp.h */ = {isa = PBXFileReference; fileEncoding = 4; lastKnownFileType = sourcecode.c.h; name = ofApp.h; path = src/ofApp.h; sourceTree = SOURCE_ROOT; };
		E4B6FCAD0C3E899E008CF71C /* openFrameworks-Info.plist */ = {isa = PBXFileReference; fileEncoding = 4; lastKnownFileType = text.plist.xml; path = "openFrameworks-Info.plist"; sourceTree = "<group>"; };
		E4EB6923138AFD0F00A09F29 /* Project.xcconfig */ = {isa = PBXFileReference; fileEncoding = 4; lastKnownFileType = text.xcconfig; path = Project.xcconfig; sourceTree = "<group>"; };
		E7EDD1AD3E931E914AA06033 /* infrared_capi.h */ = {isa = PBXFileReference; explicitFileType = sourcecode.c.h; fileEncoding = 4; name = infrared_capi.h; path = ../../../addons/ofxOrbbecAstra/libs/astra/include/astra/capi/streams/infrared_capi.h; sourceTree = SOURCE_ROOT; };
		E8BC71AB82BF14FCB59BFF20 /* Color.hpp */ = {isa = PBXFileReference; explicitFileType = sourcecode.c.h; fileEncoding = 4; name = Color.hpp; path = ../../../addons/ofxOrbbecAstra/libs/astra/include/astra/streams/Color.hpp; sourceTree = SOURCE_ROOT; };
		ECEC882DCF4D8797E8A8FE72 /* astra_defines.h */ = {isa = PBXFileReference; explicitFileType = sourcecode.c.h; fileEncoding = 4; name = astra_defines.h; path = ../../../addons/ofxOrbbecAstra/libs/astra/include/astra_core/capi/astra_defines.h; sourceTree = SOURCE_ROOT; };
		EE9FEF027B541D1EAA6F1080 /* skeleton_parameters.h */ = {isa = PBXFileReference; explicitFileType = sourcecode.c.h; fileEncoding = 4; name = skeleton_parameters.h; path = ../../../addons/ofxOrbbecAstra/libs/astra/include/astra/capi/streams/skeleton_parameters.h; sourceTree = SOURCE_ROOT; };
		EFB684F01CE0BB7C715AD477 /* image_capi.h */ = {isa = PBXFileReference; explicitFileType = sourcecode.c.h; fileEncoding = 4; name = image_capi.h; path = ../../../addons/ofxOrbbecAstra/libs/astra/include/astra/capi/streams/image_capi.h; sourceTree = SOURCE_ROOT; };
		EFE53D7D78B8454663470044 /* Image.hpp */ = {isa = PBXFileReference; explicitFileType = sourcecode.c.h; fileEncoding = 4; name = Image.hpp; path = ../../../addons/ofxOrbbecAstra/libs/astra/include/astra/streams/Image.hpp; sourceTree = SOURCE_ROOT; };
		F3FCDB9BABC73CB55ADDD983 /* FrameInputStream.h */ = {isa = PBXFileReference; explicitFileType = sourcecode.c.h; fileEncoding = 4; name = FrameInputStream.h; path = ../../../addons/ofxOrbbecAstra/libs/astra/include/common/serialization/FrameInputStream.h; sourceTree = SOURCE_ROOT; };
		F8F11F375371937A2ACADA81 /* hand_parameters.h */ = {isa = PBXFileReference; explicitFileType = sourcecode.c.h; fileEncoding = 4; name = hand_parameters.h; path = ../../../addons/ofxOrbbecAstra/libs/astra/include/astra/capi/streams/hand_parameters.h; sourceTree = SOURCE_ROOT; };
/* End PBXFileReference section */

/* Begin PBXFrameworksBuildPhase section */
		E4B69B590A3A1756003C02F2 /* Frameworks */ = {
			isa = PBXFrameworksBuildPhase;
			buildActionMask = 2147483647;
			files = (
			);
			runOnlyForDeploymentPostprocessing = 0;
		};
/* End PBXFrameworksBuildPhase section */

/* Begin PBXGroup section */
		3260445ADAA91AABAB175BD4 /* src */ = {
			isa = PBXGroup;
			children = (
				BEEDC02F6A44CDC5881E742A /* ofxOrbbecAstra.cpp */,
				5578A19D1D4CF16135BEF25C /* ofxOrbbecAstra.h */,
			);
			name = src;
			sourceTree = "<group>";
		};
		466451AA96A36F8BE9A4E8B8 /* capi */ = {
			isa = PBXGroup;
			children = (
				C0FDD145245C27DC9C361658 /* astra.h */,
				25E3E697EA15289A567C0677 /* astra_ctypes.h */,
				4BBBDF2CA9C134642DD64B08 /* streams */,
			);
			name = capi;
			sourceTree = "<group>";
		};
		4BBBDF2CA9C134642DD64B08 /* streams */ = {
			isa = PBXGroup;
			children = (
				B2F52A3279D8EDDE86BF429D /* color_capi.h */,
				974AA690C1D497476AA82932 /* color_types.h */,
				8EF5DD66BD91DE9ACB227610 /* depth_capi.h */,
				BF5E27DA997D4B76316E1D01 /* depth_parameters.h */,
				E4066CBAFD7FFC2BF2006CBC /* depth_types.h */,
				1A639EA4AB313E0494AD1BB0 /* hand_capi.h */,
				F8F11F375371937A2ACADA81 /* hand_parameters.h */,
				A2581ABCABBD6D2FE9F07958 /* hand_types.h */,
				EFB684F01CE0BB7C715AD477 /* image_capi.h */,
				73BDFA5FE28CED97F74DC51B /* image_parameters.h */,
				07C501F00CD43A294AA6FBED /* image_types.h */,
				E7EDD1AD3E931E914AA06033 /* infrared_capi.h */,
				7CCFD1E9C23770EF609A4805 /* infrared_types.h */,
				73D21A485F124C9C139DC7F2 /* point_capi.h */,
				8D89231BDCB6BE355B222CE8 /* point_types.h */,
				42A8DB270A5E7F5B74553AD8 /* skeleton_capi.h */,
				EE9FEF027B541D1EAA6F1080 /* skeleton_parameters.h */,
				67C67B5456AE62254CD7320C /* skeleton_types.h */,
				6BF6BA3E64F3F6B0ED6FD170 /* stream_types.h */,
			);
			name = streams;
			sourceTree = "<group>";
		};
		5EC64600D21013B4FC3FDE70 /* common */ = {
			isa = PBXGroup;
			children = (
				9739FCC51495D25B3C7D0633 /* clock */,
				83F225385B2C85525314DEBC /* serialization */,
			);
			name = common;
			sourceTree = "<group>";
		};
		629ECB6B8A853B5E9E15E713 /* include */ = {
			isa = PBXGroup;
			children = (
				877895178778A4BB0E091AD4 /* astra */,
				E871BB1E0B28573E66F8F476 /* astra_core */,
				5EC64600D21013B4FC3FDE70 /* common */,
			);
			name = include;
			sourceTree = "<group>";
		};
		6948EE371B920CB800B5AC1A /* local_addons */ = {
			isa = PBXGroup;
			children = (
			);
			name = local_addons;
			sourceTree = "<group>";
		};
		69F3E4858130BD71FD15EC41 /* libs */ = {
			isa = PBXGroup;
			children = (
				E75A82859F05088A91A079D0 /* astra */,
			);
			name = libs;
			sourceTree = "<group>";
		};
		7ED870F2291DB601A53AE6A5 /* streams */ = {
			isa = PBXGroup;
			children = (
				E8BC71AB82BF14FCB59BFF20 /* Color.hpp */,
				3BCA1997417AB8BD2CB1D0B9 /* DebugHand.hpp */,
				4C4D2CB8F0E1EF2FB7692121 /* Depth.hpp */,
				D8DE36BE576A104A4CAAED41 /* Hand.hpp */,
				EFE53D7D78B8454663470044 /* Image.hpp */,
				05CA2D0ABAB5D2BD7C5FEA33 /* Infrared.hpp */,
				38486192968C283C300B1F47 /* Point.hpp */,
				61FAA05A8F8B5490DB699580 /* Skeleton.hpp */,
			);
			name = streams;
			sourceTree = "<group>";
		};
		83F225385B2C85525314DEBC /* serialization */ = {
			isa = PBXGroup;
			children = (
				F3FCDB9BABC73CB55ADDD983 /* FrameInputStream.h */,
				A5EA26A52208EB54B04A3BC3 /* FrameOutputStream.h */,
				C0E6606D094536785E6FD7F0 /* FrameStreamReader.h */,
				C4BC09D203CB11F5790CCE7A /* FrameStreamWriter.h */,
				6B50508F4F4A95F79669236A /* StreamFileModels.h */,
			);
			name = serialization;
			sourceTree = "<group>";
		};
		877895178778A4BB0E091AD4 /* astra */ = {
			isa = PBXGroup;
			children = (
				0AA7C48F6D4C9B77FE87FB12 /* Vector.hpp */,
				0B02306045490DEF8E99ABC5 /* Vector2f.hpp */,
				40C5F630FB2D8CAD7EA70ADA /* Vector2i.hpp */,
				66C6504B20F6F139CBBFA713 /* Vector3f.hpp */,
				8BB514BBBC4FEEA6795E8899 /* Vector3i.hpp */,
				9D362ADF3B5C0327BFA6F98A /* astra.hpp */,
				466451AA96A36F8BE9A4E8B8 /* capi */,
				7ED870F2291DB601A53AE6A5 /* streams */,
			);
			name = astra;
			sourceTree = "<group>";
		};
		8F63FABDB9B072A374BB33BB /* capi */ = {
			isa = PBXGroup;
			children = (
				A5AD291C19C6D8943EE47B18 /* astra_core.h */,
				ECEC882DCF4D8797E8A8FE72 /* astra_defines.h */,
				78C7D323A3C8132C1E0AD91F /* astra_host_events.h */,
				8EA8B1B9BFA13BCFBBF44C4C /* astra_streamservice_proxy.h */,
				7E13D96197F57F28FA17E200 /* astra_types.h */,
				AB99D65B086866A032182E63 /* plugins */,
			);
			name = capi;
			sourceTree = "<group>";
		};
		9739FCC51495D25B3C7D0633 /* clock */ = {
			isa = PBXGroup;
			children = (
				17D06A8E77A4AA557E467DF8 /* Pulser.h */,
				2700C181698E3FFB8232FC63 /* Stdafx.h */,
				E244CC777B96E9FD98186C47 /* Stopwatch.h */,
			);
			name = clock;
			sourceTree = "<group>";
		};
		AABCF7B1EFD5166ACAC05F08 /* plugins */ = {
			isa = PBXGroup;
			children = (
				4846C3421E96F6A82CA564AE /* Plugin.hpp */,
				65339B8E8D3648DDC0DAFE6D /* PluginBase.hpp */,
				3A4D7A002094EDE1338299EE /* PluginLogging.hpp */,
				8FDD648D8550412A83EBB4D0 /* PluginServiceProxy.hpp */,
				CB7DD45687C146EA8B25883F /* PluginStream.hpp */,
				69F4155EA76173A24E372950 /* SingleBinStream.hpp */,
				1B888624FE4E562B25E1328C /* StreamBin.hpp */,
				7B0EB9220180113C71469E0E /* StreamCallbackListener.hpp */,
				C562C04FF9A5DFCBB5FE17C6 /* StreamEventHandler.hpp */,
			);
			name = plugins;
			sourceTree = "<group>";
		};
		AB99D65B086866A032182E63 /* plugins */ = {
			isa = PBXGroup;
			children = (
				3E4681FA2A9D536016F3B317 /* astra_plugin.h */,
				9FC2C572E962D0BA959C4C25 /* astra_plugin_callbacks.h */,
				DAC0245DF267591EC67BC9E4 /* astra_pluginservice_proxy.h */,
			);
			name = plugins;
			sourceTree = "<group>";
		};
		BB4B014C10F69532006C3DED /* addons */ = {
			isa = PBXGroup;
			children = (
				BD2E6C4190725DB1928658CF /* ofxOrbbecAstra */,
			);
			name = addons;
			sourceTree = "<group>";
		};
		BD2E6C4190725DB1928658CF /* ofxOrbbecAstra */ = {
			isa = PBXGroup;
			children = (
				69F3E4858130BD71FD15EC41 /* libs */,
				3260445ADAA91AABAB175BD4 /* src */,
			);
			name = ofxOrbbecAstra;
			sourceTree = "<group>";
		};
		E42962AA2163EDD300A6A9E2 /* openFrameworks */ = {
			isa = PBXGroup;
			children = (
				E42962AB2163EDD300A6A9E2 /* 3d */,
				E42962E72163EDD300A6A9E2 /* app */,
				E42963402163EDD300A6A9E2 /* communication */,
				E42963452163EDD300A6A9E2 /* events */,
				E42963252163EDD300A6A9E2 /* gl */,
				E429634A2163EDD300A6A9E2 /* graphics */,
				E42963132163EDD300A6A9E2 /* math */,
				E42962F92163EDD300A6A9E2 /* ofMain.h */,
				E42963642163EDD300A6A9E2 /* sound */,
				E42962DA2163EDD300A6A9E2 /* types */,
				E42962FA2163EDD300A6A9E2 /* utils */,
				E42962B82163EDD300A6A9E2 /* video */,
			);
			name = openFrameworks;
			path = ../../../libs/openFrameworks;
			sourceTree = "<group>";
		};
		E42962AB2163EDD300A6A9E2 /* 3d */ = {
			isa = PBXGroup;
			children = (
				E42962B02163EDD300A6A9E2 /* of3dPrimitives.cpp */,
				E42962B62163EDD300A6A9E2 /* of3dPrimitives.h */,
				E42962B52163EDD300A6A9E2 /* of3dUtils.cpp */,
				E42962B12163EDD300A6A9E2 /* of3dUtils.h */,
				E42962AC2163EDD300A6A9E2 /* ofCamera.cpp */,
				E42962B32163EDD300A6A9E2 /* ofCamera.h */,
				E42962B22163EDD300A6A9E2 /* ofEasyCam.cpp */,
				E42962B72163EDD300A6A9E2 /* ofEasyCam.h */,
				E42962AD2163EDD300A6A9E2 /* ofMesh.h */,
				E42962B42163EDD300A6A9E2 /* ofMesh.inl */,
				E42962AF2163EDD300A6A9E2 /* ofNode.cpp */,
				E42962AE2163EDD300A6A9E2 /* ofNode.h */,
			);
			name = 3d;
			path = ../../../libs/openFrameworks/3d;
			sourceTree = SOURCE_ROOT;
		};
		E42962B82163EDD300A6A9E2 /* video */ = {
			isa = PBXGroup;
			children = (
				E42962BA2163EDD300A6A9E2 /* ofAVFoundationGrabber.h */,
				E42962C22163EDD300A6A9E2 /* ofAVFoundationGrabber.mm */,
				E42962BC2163EDD300A6A9E2 /* ofAVFoundationPlayer.h */,
				E42962CE2163EDD300A6A9E2 /* ofAVFoundationPlayer.mm */,
				E42962C12163EDD300A6A9E2 /* ofAVFoundationVideoPlayer.h */,
				E42962D72163EDD300A6A9E2 /* ofAVFoundationVideoPlayer.m */,
				E42962C52163EDD300A6A9E2 /* ofQTKitGrabber.h */,
				E42962BE2163EDD300A6A9E2 /* ofQTKitGrabber.mm */,
				E42962C32163EDD300A6A9E2 /* ofQTKitMovieRenderer.h */,
				E42962D62163EDD300A6A9E2 /* ofQTKitMovieRenderer.m */,
				E42962CB2163EDD300A6A9E2 /* ofQTKitPlayer.h */,
				E42962D52163EDD300A6A9E2 /* ofQTKitPlayer.mm */,
				E42962BD2163EDD300A6A9E2 /* ofQtUtils.cpp */,
				E42962CD2163EDD300A6A9E2 /* ofQtUtils.h */,
				E42962BF2163EDD300A6A9E2 /* ofQuickTimeGrabber.cpp */,
				E42962C72163EDD300A6A9E2 /* ofQuickTimeGrabber.h */,
				E42962C92163EDD300A6A9E2 /* ofQuickTimePlayer.cpp */,
				E42962CF2163EDD300A6A9E2 /* ofQuickTimePlayer.h */,
				E42962D92163EDD300A6A9E2 /* ofVideoBaseTypes.h */,
				E42962D02163EDD300A6A9E2 /* ofVideoGrabber.cpp */,
				E42962CA2163EDD300A6A9E2 /* ofVideoGrabber.h */,
				E42962C42163EDD300A6A9E2 /* ofVideoPlayer.cpp */,
				E42962BB2163EDD300A6A9E2 /* ofVideoPlayer.h */,
			);
			name = video;
			path = ../../../libs/openFrameworks/video;
			sourceTree = SOURCE_ROOT;
		};
		E42962DA2163EDD300A6A9E2 /* types */ = {
			isa = PBXGroup;
			children = (
				E42962E12163EDD300A6A9E2 /* ofBaseTypes.cpp */,
				E42962E62163EDD300A6A9E2 /* ofBaseTypes.h */,
				E42962E42163EDD300A6A9E2 /* ofColor.cpp */,
				E42962DC2163EDD300A6A9E2 /* ofColor.h */,
				E42962E52163EDD300A6A9E2 /* ofParameter.cpp */,
				E42962E32163EDD300A6A9E2 /* ofParameter.h */,
				E42962E22163EDD300A6A9E2 /* ofParameterGroup.cpp */,
				E42962DB2163EDD300A6A9E2 /* ofParameterGroup.h */,
				E42962DE2163EDD300A6A9E2 /* ofPoint.h */,
				E42962DD2163EDD300A6A9E2 /* ofRectangle.cpp */,
				E42962E02163EDD300A6A9E2 /* ofRectangle.h */,
				E42962DF2163EDD300A6A9E2 /* ofTypes.h */,
			);
			name = types;
			path = ../../../libs/openFrameworks/types;
			sourceTree = SOURCE_ROOT;
		};
		E42962E72163EDD300A6A9E2 /* app */ = {
			isa = PBXGroup;
			children = (
				E42962ED2163EDD300A6A9E2 /* ofAppBaseWindow.h */,
				E42962EC2163EDD300A6A9E2 /* ofAppEGLWindow.cpp */,
				E42962F12163EDD300A6A9E2 /* ofAppEGLWindow.h */,
				E42962F52163EDD300A6A9E2 /* ofAppGLFWWindow.cpp */,
				E42962F82163EDD300A6A9E2 /* ofAppGLFWWindow.h */,
				E42962EA2163EDD300A6A9E2 /* ofAppGlutWindow.cpp */,
				E42962F62163EDD300A6A9E2 /* ofAppGlutWindow.h */,
				E42962F42163EDD300A6A9E2 /* ofAppNoWindow.cpp */,
				E42962EF2163EDD300A6A9E2 /* ofAppNoWindow.h */,
				E42962F72163EDD300A6A9E2 /* ofAppRunner.cpp */,
				E42962F32163EDD300A6A9E2 /* ofAppRunner.h */,
				E42962E92163EDD300A6A9E2 /* ofBaseApp.cpp */,
				E42962F02163EDD300A6A9E2 /* ofBaseApp.h */,
				E42962EE2163EDD300A6A9E2 /* ofIcon.h */,
				E42962F22163EDD300A6A9E2 /* ofMainLoop.cpp */,
				E42962E82163EDD300A6A9E2 /* ofMainLoop.h */,
				E42962EB2163EDD300A6A9E2 /* ofWindowSettings.h */,
			);
			name = app;
			path = ../../../libs/openFrameworks/app;
			sourceTree = SOURCE_ROOT;
		};
		E42962FA2163EDD300A6A9E2 /* utils */ = {
			isa = PBXGroup;
			children = (
				E42962FF2163EDD300A6A9E2 /* ofConstants.h */,
				E429630D2163EDD300A6A9E2 /* ofFileUtils.cpp */,
				E42963092163EDD300A6A9E2 /* ofFileUtils.h */,
				E42962FD2163EDD300A6A9E2 /* ofFpsCounter.cpp */,
				E42963012163EDD300A6A9E2 /* ofFpsCounter.h */,
				E429630C2163EDD300A6A9E2 /* ofJson.h */,
				E42963072163EDD300A6A9E2 /* ofLog.cpp */,
				E42963022163EDD300A6A9E2 /* ofLog.h */,
				E429630E2163EDD300A6A9E2 /* ofMatrixStack.cpp */,
				E42963112163EDD300A6A9E2 /* ofMatrixStack.h */,
				E42963062163EDD300A6A9E2 /* ofNoise.h */,
				E42963042163EDD300A6A9E2 /* ofSystemUtils.cpp */,
				E42963032163EDD300A6A9E2 /* ofSystemUtils.h */,
				E42962FC2163EDD300A6A9E2 /* ofThread.cpp */,
				E429630A2163EDD300A6A9E2 /* ofThread.h */,
				E42962FB2163EDD300A6A9E2 /* ofThreadChannel.h */,
				E42963082163EDD300A6A9E2 /* ofTimer.cpp */,
				E42963122163EDD300A6A9E2 /* ofTimer.h */,
				E42962FE2163EDD300A6A9E2 /* ofURLFileLoader.cpp */,
				E429630B2163EDD300A6A9E2 /* ofURLFileLoader.h */,
				E429630F2163EDD300A6A9E2 /* ofUtils.cpp */,
				E42963052163EDD300A6A9E2 /* ofUtils.h */,
				E42963102163EDD300A6A9E2 /* ofXml.cpp */,
				E42963002163EDD300A6A9E2 /* ofXml.h */,
			);
			name = utils;
			path = ../../../libs/openFrameworks/utils;
			sourceTree = SOURCE_ROOT;
		};
		E42963132163EDD300A6A9E2 /* math */ = {
			isa = PBXGroup;
			children = (
				E42963172163EDD300A6A9E2 /* ofMath.cpp */,
				E429631C2163EDD300A6A9E2 /* ofMath.h */,
				E42963182163EDD300A6A9E2 /* ofMathConstants.h */,
				E429631B2163EDD300A6A9E2 /* ofMatrix3x3.cpp */,
				E42963222163EDD300A6A9E2 /* ofMatrix3x3.h */,
				E42963212163EDD300A6A9E2 /* ofMatrix4x4.cpp */,
				E42963192163EDD300A6A9E2 /* ofMatrix4x4.h */,
				E429631F2163EDD300A6A9E2 /* ofQuaternion.cpp */,
				E429631D2163EDD300A6A9E2 /* ofQuaternion.h */,
				E42963142163EDD300A6A9E2 /* ofVec2f.cpp */,
				E42963202163EDD300A6A9E2 /* ofVec2f.h */,
				E429631A2163EDD300A6A9E2 /* ofVec3f.h */,
				E42963152163EDD300A6A9E2 /* ofVec4f.cpp */,
				E42963162163EDD300A6A9E2 /* ofVec4f.h */,
				E429631E2163EDD300A6A9E2 /* ofVectorMath.h */,
			);
			name = math;
			path = ../../../libs/openFrameworks/math;
			sourceTree = SOURCE_ROOT;
		};
		E42963252163EDD300A6A9E2 /* gl */ = {
			isa = PBXGroup;
			children = (
				E429632E2163EDD300A6A9E2 /* ofBufferObject.cpp */,
				E42963332163EDD300A6A9E2 /* ofBufferObject.h */,
				E429632A2163EDD300A6A9E2 /* ofFbo.cpp */,
				E42963382163EDD300A6A9E2 /* ofFbo.h */,
				E42963392163EDD300A6A9E2 /* ofGLBaseTypes.h */,
				E42963342163EDD300A6A9E2 /* ofGLProgrammableRenderer.cpp */,
				E429633B2163EDD300A6A9E2 /* ofGLProgrammableRenderer.h */,
				E429633E2163EDD300A6A9E2 /* ofGLRenderer.cpp */,
				E429633F2163EDD300A6A9E2 /* ofGLRenderer.h */,
				E42963302163EDD300A6A9E2 /* ofGLUtils.cpp */,
				E429633D2163EDD300A6A9E2 /* ofGLUtils.h */,
				E42963322163EDD300A6A9E2 /* ofLight.cpp */,
				E429632B2163EDD300A6A9E2 /* ofLight.h */,
				E42963292163EDD300A6A9E2 /* ofMaterial.cpp */,
				E429632C2163EDD300A6A9E2 /* ofMaterial.h */,
				E429632D2163EDD300A6A9E2 /* ofShader.cpp */,
				E42963282163EDD300A6A9E2 /* ofShader.h */,
				E429633C2163EDD300A6A9E2 /* ofTexture.cpp */,
				E42963272163EDD300A6A9E2 /* ofTexture.h */,
				E429633A2163EDD300A6A9E2 /* ofVbo.cpp */,
				E42963312163EDD300A6A9E2 /* ofVbo.h */,
				E429632F2163EDD300A6A9E2 /* ofVboMesh.cpp */,
				E42963262163EDD300A6A9E2 /* ofVboMesh.h */,
			);
			name = gl;
			path = ../../../libs/openFrameworks/gl;
			sourceTree = SOURCE_ROOT;
		};
		E42963402163EDD300A6A9E2 /* communication */ = {
			isa = PBXGroup;
			children = (
				E42963442163EDD300A6A9E2 /* ofArduino.cpp */,
				E42963412163EDD300A6A9E2 /* ofArduino.h */,
				E42963422163EDD300A6A9E2 /* ofSerial.cpp */,
				E42963432163EDD300A6A9E2 /* ofSerial.h */,
			);
			name = communication;
			path = ../../../libs/openFrameworks/communication;
			sourceTree = SOURCE_ROOT;
		};
		E42963452163EDD300A6A9E2 /* events */ = {
			isa = PBXGroup;
			children = (
				E42963472163EDD300A6A9E2 /* ofEvent.h */,
				E42963492163EDD300A6A9E2 /* ofEvents.cpp */,
				E42963482163EDD300A6A9E2 /* ofEvents.h */,
				E42963462163EDD300A6A9E2 /* ofEventUtils.h */,
			);
			name = events;
			path = ../../../libs/openFrameworks/events;
			sourceTree = SOURCE_ROOT;
		};
		E429634A2163EDD300A6A9E2 /* graphics */ = {
			isa = PBXGroup;
			children = (
				E42963582163EDD300A6A9E2 /* of3dGraphics.cpp */,
				E42963622163EDD300A6A9E2 /* of3dGraphics.h */,
				E429634D2163EDD300A6A9E2 /* ofBitmapFont.cpp */,
				E429635C2163EDD300A6A9E2 /* ofBitmapFont.h */,
				E42963532163EDD300A6A9E2 /* ofCairoRenderer.cpp */,
				E429635B2163EDD300A6A9E2 /* ofCairoRenderer.h */,
				E42963502163EDD300A6A9E2 /* ofGraphics.cpp */,
				E429635F2163EDD300A6A9E2 /* ofGraphics.h */,
				E42963522163EDD300A6A9E2 /* ofGraphicsBaseTypes.cpp */,
				E429634B2163EDD300A6A9E2 /* ofGraphicsBaseTypes.h */,
				E42963602163EDD300A6A9E2 /* ofGraphicsConstants.h */,
				E42963612163EDD300A6A9E2 /* ofImage.cpp */,
				E42963592163EDD300A6A9E2 /* ofImage.h */,
				E42963552163EDD300A6A9E2 /* ofPath.cpp */,
				E429634C2163EDD300A6A9E2 /* ofPath.h */,
				E42963562163EDD300A6A9E2 /* ofPixels.cpp */,
				E429635A2163EDD300A6A9E2 /* ofPixels.h */,
				E42963512163EDD300A6A9E2 /* ofPolyline.h */,
				E42963572163EDD300A6A9E2 /* ofPolyline.inl */,
				E42963542163EDD300A6A9E2 /* ofRendererCollection.cpp */,
				E429635E2163EDD300A6A9E2 /* ofRendererCollection.h */,
				E429634F2163EDD300A6A9E2 /* ofTessellator.cpp */,
				E42963632163EDD300A6A9E2 /* ofTessellator.h */,
				E429635D2163EDD300A6A9E2 /* ofTrueTypeFont.cpp */,
				E429634E2163EDD300A6A9E2 /* ofTrueTypeFont.h */,
			);
			name = graphics;
			path = ../../../libs/openFrameworks/graphics;
			sourceTree = SOURCE_ROOT;
		};
		E42963642163EDD300A6A9E2 /* sound */ = {
			isa = PBXGroup;
			children = (
				E429636A2163EDD300A6A9E2 /* ofFmodSoundPlayer.cpp */,
				E42963712163EDD300A6A9E2 /* ofFmodSoundPlayer.h */,
				E429636C2163EDD300A6A9E2 /* ofOpenALSoundPlayer.cpp */,
				E42963682163EDD300A6A9E2 /* ofOpenALSoundPlayer.h */,
				E42963692163EDD300A6A9E2 /* ofRtAudioSoundStream.cpp */,
				E429636E2163EDD300A6A9E2 /* ofRtAudioSoundStream.h */,
				E429636B2163EDD300A6A9E2 /* ofSoundBaseTypes.cpp */,
				E42963732163EDD300A6A9E2 /* ofSoundBaseTypes.h */,
				E42963722163EDD300A6A9E2 /* ofSoundBuffer.cpp */,
				E42963702163EDD300A6A9E2 /* ofSoundBuffer.h */,
				E429636D2163EDD300A6A9E2 /* ofSoundPlayer.cpp */,
				E42963672163EDD300A6A9E2 /* ofSoundPlayer.h */,
				E42963652163EDD300A6A9E2 /* ofSoundStream.cpp */,
				E42963662163EDD300A6A9E2 /* ofSoundStream.h */,
				E429636F2163EDD300A6A9E2 /* ofSoundUtils.h */,
			);
			name = sound;
			path = ../../../libs/openFrameworks/sound;
			sourceTree = SOURCE_ROOT;
		};
		E4B69B4A0A3A1720003C02F2 = {
			isa = PBXGroup;
			children = (
				E4B6FCAD0C3E899E008CF71C /* openFrameworks-Info.plist */,
				E4EB6923138AFD0F00A09F29 /* Project.xcconfig */,
				E4B69E1C0A3A1BDC003C02F2 /* src */,
				E42962AA2163EDD300A6A9E2 /* openFrameworks */,
				BB4B014C10F69532006C3DED /* addons */,
				6948EE371B920CB800B5AC1A /* local_addons */,
				E4B69B5B0A3A1756003C02F2 /* example-multicamDebug.app */,
			);
			sourceTree = "<group>";
		};
		E4B69E1C0A3A1BDC003C02F2 /* src */ = {
			isa = PBXGroup;
			children = (
				E4B69E1D0A3A1BDC003C02F2 /* main.cpp */,
				E4B69E1E0A3A1BDC003C02F2 /* ofApp.cpp */,
				E4B69E1F0A3A1BDC003C02F2 /* ofApp.h */,
			);
			path = src;
			sourceTree = SOURCE_ROOT;
		};
		E75A82859F05088A91A079D0 /* astra */ = {
			isa = PBXGroup;
			children = (
				629ECB6B8A853B5E9E15E713 /* include */,
			);
			name = astra;
			sourceTree = "<group>";
		};
		E871BB1E0B28573E66F8F476 /* astra_core */ = {
			isa = PBXGroup;
			children = (
				8CF6BCEE2A39D99B3AE41292 /* DataStream.hpp */,
				CDCEBF20AE7D6646B66A535F /* Frame.hpp */,
				C5C859B144EA7B9A37EE7168 /* FrameListener.hpp */,
				4B33164C528EC3409E8246E0 /* StreamDescription.hpp */,
				0EBDAFB40B1B86830FC4AA09 /* StreamReader.hpp */,
				0F811AF90FAF89CC1F0AC310 /* StreamServiceProxy.hpp */,
				6F987E55C96E984DDFBD1F65 /* StreamSet.hpp */,
				791AFEE6F4E98F0A0772CDFE /* astra_core.hpp */,
				C80AE5B56B1CE0444E5D6701 /* astra_cxx_make_unique.hpp */,
				8F63FABDB9B072A374BB33BB /* capi */,
				AABCF7B1EFD5166ACAC05F08 /* plugins */,
			);
			name = astra_core;
			sourceTree = "<group>";
		};
/* End PBXGroup section */

/* Begin PBXNativeTarget section */
		E4B69B5A0A3A1756003C02F2 /* example-multicam */ = {
			isa = PBXNativeTarget;
			buildConfigurationList = E4B69B5F0A3A1757003C02F2 /* Build configuration list for PBXNativeTarget "example-multicam" */;
			buildPhases = (
				E42962A92163ECCD00A6A9E2 /* ShellScript */,
				E4B69B580A3A1756003C02F2 /* Sources */,
				E4B69B590A3A1756003C02F2 /* Frameworks */,
				E4B6FFFD0C3F9AB9008CF71C /* ShellScript */,
				E4C2427710CC5ABF004149E2 /* CopyFiles */,
				8466F1851C04CA0E00918B1C /* ShellScript */,
			);
			buildRules = (
			);
			dependencies = (
			);
			name = "example-multicam";
			productName = myOFApp;
			productReference = E4B69B5B0A3A1756003C02F2 /* example-multicamDebug.app */;
			productType = "com.apple.product-type.application";
		};
/* End PBXNativeTarget section */

/* Begin PBXProject section */
		E4B69B4C0A3A1720003C02F2 /* Project object */ = {
			isa = PBXProject;
			attributes = {
				LastUpgradeCheck = 0600;
			};
			buildConfigurationList = E4B69B4D0A3A1720003C02F2 /* Build configuration list for PBXProject "example-multicam" */;
			compatibilityVersion = "Xcode 3.2";
			developmentRegion = English;
			hasScannedForEncodings = 0;
			knownRegions = (
				English,
				Japanese,
				French,
				German,
			);
			mainGroup = E4B69B4A0A3A1720003C02F2;
			productRefGroup = E4B69B4A0A3A1720003C02F2;
			projectDirPath = "";
			projectRoot = "";
			targets = (
				E4B69B5A0A3A1756003C02F2 /* example-multicam */,
			);
		};
/* End PBXProject section */

/* Begin PBXShellScriptBuildPhase section */
		8466F1851C04CA0E00918B1C /* ShellScript */ = {
			isa = PBXShellScriptBuildPhase;
			buildActionMask = 12;
			files = (
			);
			inputPaths = (
			);
			outputPaths = (
			);
			runOnlyForDeploymentPostprocessing = 0;
			shellPath = /bin/sh;
			shellScript = "echo \"$GCC_PREPROCESSOR_DEFINITIONS\";\nAPPSTORE=`expr \"$GCC_PREPROCESSOR_DEFINITIONS\" : \".*APPSTORE=\\([0-9]*\\)\"`\nif [ -z \"$APPSTORE\" ] ; then\necho \"Note: Not copying bin/data to App Package or doing App Code signing. Use AppStore target for AppStore distribution\";\nelse\n# Copy bin/data into App/Resources\nrsync -avz --exclude='.DS_Store' \"${SRCROOT}/bin/data/\" \"${TARGET_BUILD_DIR}/${UNLOCALIZED_RESOURCES_FOLDER_PATH}/data/\"\n\n# ---- Code Sign App Package ----\n\n# WARNING: You may have to run Clean in Xcode after changing CODE_SIGN_IDENTITY!\n\n# Verify that $CODE_SIGN_IDENTITY is set\nif [ -z \"${CODE_SIGN_IDENTITY}\" ] ; then\necho \"CODE_SIGN_IDENTITY needs to be set for framework code-signing\"\nexit 0\nfi\n\nif [ -z \"${CODE_SIGN_ENTITLEMENTS}\" ] ; then\necho \"CODE_SIGN_ENTITLEMENTS needs to be set for framework code-signing!\"\n\nif [ \"${CONFIGURATION}\" = \"Release\" ] ; then\nexit 1\nelse\n# Code-signing is optional for non-release builds.\nexit 0\nfi\nfi\n\nITEMS=\"\"\n\nFRAMEWORKS_DIR=\"${TARGET_BUILD_DIR}/${FRAMEWORKS_FOLDER_PATH}\"\necho \"$FRAMEWORKS_DIR\"\nif [ -d \"$FRAMEWORKS_DIR\" ] ; then\nFRAMEWORKS=$(find \"${FRAMEWORKS_DIR}\" -depth -type d -name \"*.framework\" -or -name \"*.dylib\" -or -name \"*.bundle\" | sed -e \"s/\\(.*framework\\)/\\1\\/Versions\\/A\\//\")\nRESULT=$?\nif [[ $RESULT != 0 ]] ; then\nexit 1\nfi\n\nITEMS=\"${FRAMEWORKS}\"\nfi\n\nLOGINITEMS_DIR=\"${TARGET_BUILD_DIR}/${CONTENTS_FOLDER_PATH}/Library/LoginItems/\"\nif [ -d \"$LOGINITEMS_DIR\" ] ; then\nLOGINITEMS=$(find \"${LOGINITEMS_DIR}\" -depth -type d -name \"*.app\")\nRESULT=$?\nif [[ $RESULT != 0 ]] ; then\nexit 1\nfi\n\nITEMS=\"${ITEMS}\"$'\\n'\"${LOGINITEMS}\"\nfi\n\n# Prefer the expanded name, if available.\nCODE_SIGN_IDENTITY_FOR_ITEMS=\"${EXPANDED_CODE_SIGN_IDENTITY_NAME}\"\nif [ \"${CODE_SIGN_IDENTITY_FOR_ITEMS}\" = \"\" ] ; then\n# Fall back to old behavior.\nCODE_SIGN_IDENTITY_FOR_ITEMS=\"${CODE_SIGN_IDENTITY}\"\nfi\n\necho \"Identity:\"\necho \"${CODE_SIGN_IDENTITY_FOR_ITEMS}\"\n\necho \"Entitlements:\"\necho \"${CODE_SIGN_ENTITLEMENTS}\"\n\necho \"Found:\"\necho \"${ITEMS}\"\n\n# Change the Internal Field Separator (IFS) so that spaces in paths will not cause problems below.\nSAVED_IFS=$IFS\nIFS=$(echo -en \"\\n\\b\")\n\n# Loop through all items.\nfor ITEM in $ITEMS;\ndo\necho \"Signing '${ITEM}'\"\ncodesign --force --verbose --sign \"${CODE_SIGN_IDENTITY_FOR_ITEMS}\" --entitlements \"${CODE_SIGN_ENTITLEMENTS}\" \"${ITEM}\"\nRESULT=$?\nif [[ $RESULT != 0 ]] ; then\necho \"Failed to sign '${ITEM}'.\"\nIFS=$SAVED_IFS\nexit 1\nfi\ndone\n\n# Restore $IFS.\nIFS=$SAVED_IFS\n\nfi\n";
		};
		E42962A92163ECCD00A6A9E2 /* ShellScript */ = {
			isa = PBXShellScriptBuildPhase;
			buildActionMask = 2147483647;
			files = (
			);
			inputPaths = (
			);
			outputPaths = (
			);
			runOnlyForDeploymentPostprocessing = 0;
			shellPath = /bin/sh;
			shellScript = "xcodebuild -project \"$OF_PATH/libs/openFrameworksCompiled/project/osx/openFrameworksLib.xcodeproj\" -target openFrameworks -configuration \"${CONFIGURATION}\"";
		};
		E4B6FFFD0C3F9AB9008CF71C /* ShellScript */ = {
			isa = PBXShellScriptBuildPhase;
			buildActionMask = 2147483647;
			files = (
			);
			inputPaths = (
			);
			outputPaths = (
			);
			runOnlyForDeploymentPostprocessing = 0;
			shellPath = /bin/sh;
			shellScript = "mkdir -p \"$TARGET_BUILD_DIR/$PRODUCT_NAME.app/Contents/Resources/\"\n# Copy default icon file into App/Resources\nrsync -aved \"$ICON_FILE\" \"$TARGET_BUILD_DIR/$PRODUCT_NAME.app/Contents/Resources/\"\n# Copy libfmod and change install directory for fmod to run\nrsync -aved \"$OF_PATH/libs/fmodex/lib/osx/libfmodex.dylib\" \"$TARGET_BUILD_DIR/$PRODUCT_NAME.app/Contents/Frameworks/\";\ninstall_name_tool -change @executable_path/libfmodex.dylib @executable_path/../Frameworks/libfmodex.dylib \"$TARGET_BUILD_DIR/$PRODUCT_NAME.app/Contents/MacOS/$PRODUCT_NAME\";\n\necho \"$GCC_PREPROCESSOR_DEFINITIONS\";\n";
		};
/* End PBXShellScriptBuildPhase section */

/* Begin PBXSourcesBuildPhase section */
		E4B69B580A3A1756003C02F2 /* Sources */ = {
			isa = PBXSourcesBuildPhase;
			buildActionMask = 2147483647;
			files = (
				E4B69E200A3A1BDC003C02F2 /* main.cpp in Sources */,
				E4B69E210A3A1BDC003C02F2 /* ofApp.cpp in Sources */,
				EBF874561673BC7ACC82AF92 /* ofxOrbbecAstra.cpp in Sources */,
			);
			runOnlyForDeploymentPostprocessing = 0;
		};
/* End PBXSourcesBuildPhase section */

/* Begin XCBuildConfiguration section */
		99FA3DBB1C7456C400CFA0EE /* AppStore */ = {
			isa = XCBuildConfiguration;
			baseConfigurationReference = E4EB6923138AFD0F00A09F29 /* Project.xcconfig */;
			buildSettings = {
				CONFIGURATION_BUILD_DIR = "$(SRCROOT)/bin/";
				COPY_PHASE_STRIP = YES;
				DEAD_CODE_STRIPPING = YES;
				GCC_AUTO_VECTORIZATION = YES;
				GCC_ENABLE_SSE3_EXTENSIONS = YES;
				GCC_ENABLE_SUPPLEMENTAL_SSE3_INSTRUCTIONS = YES;
				GCC_INLINES_ARE_PRIVATE_EXTERN = NO;
				GCC_OPTIMIZATION_LEVEL = 3;
				"GCC_PREPROCESSOR_DEFINITIONS[arch=*]" = "DISTRIBUTION=1";
				GCC_SYMBOLS_PRIVATE_EXTERN = NO;
				GCC_UNROLL_LOOPS = YES;
				GCC_WARN_ABOUT_DEPRECATED_FUNCTIONS = YES;
				GCC_WARN_ABOUT_INVALID_OFFSETOF_MACRO = NO;
				GCC_WARN_ALLOW_INCOMPLETE_PROTOCOL = NO;
				GCC_WARN_UNINITIALIZED_AUTOS = NO;
				GCC_WARN_UNUSED_VALUE = NO;
				GCC_WARN_UNUSED_VARIABLE = NO;
				HEADER_SEARCH_PATHS = (
					"$(OF_CORE_HEADERS)",
					src,
					src,
					../../../addons/ofxOrbbecAstra/libs/astra/include/,
				);
				MACOSX_DEPLOYMENT_TARGET = 10.9;
				OTHER_CPLUSPLUSFLAGS = (
					"-D__MACOSX_CORE__",
					"-mtune=native",
				);
				SDKROOT = macosx;
			};
			name = AppStore;
		};
		99FA3DBC1C7456C400CFA0EE /* AppStore */ = {
			isa = XCBuildConfiguration;
			baseConfigurationReference = E4EB6923138AFD0F00A09F29 /* Project.xcconfig */;
			buildSettings = {
				COMBINE_HIDPI_IMAGES = YES;
				COPY_PHASE_STRIP = YES;
				FRAMEWORK_SEARCH_PATHS = "$(inherited)";
				GCC_GENERATE_DEBUGGING_SYMBOLS = YES;
				GCC_MODEL_TUNING = NONE;
				"GCC_PREPROCESSOR_DEFINITIONS[arch=*]" = "APPSTORE=1";
				HEADER_SEARCH_PATHS = (
					"$(OF_CORE_HEADERS)",
					src,
					src,
					../../../addons/ofxOrbbecAstra/libs/astra/include/,
				);
				ICON = "$(ICON_NAME_RELEASE)";
				ICON_FILE = "$(ICON_FILE_PATH)$(ICON)";
				INFOPLIST_FILE = "openFrameworks-Info.plist";
				INSTALL_PATH = /Applications;
				LD_RUNPATH_SEARCH_PATHS = "@executable_path/../../../../../../../addons/ofxOrbbecAstra/libs/astra/lib/osx/";
				LIBRARY_SEARCH_PATHS = "$(inherited)";
				OTHER_LDFLAGS = (
					"$(OF_CORE_LIBS)",
					"$(OF_CORE_FRAMEWORKS)",
					"$(LIB_OF)",
					../../../addons/ofxOrbbecAstra/libs/astra/lib/osx/libastra_core_api.dylib,
					../../../addons/ofxOrbbecAstra/libs/astra/lib/osx/libastra_core.dylib,
					../../../addons/ofxOrbbecAstra/libs/astra/lib/osx/libastra.dylib,
				);
				PRODUCT_NAME = "$(TARGET_NAME)";
				WRAPPER_EXTENSION = app;
				baseConfigurationReference = E4EB6923138AFD0F00A09F29;
			};
			name = AppStore;
		};
		E4B69B4E0A3A1720003C02F2 /* Debug */ = {
			isa = XCBuildConfiguration;
			baseConfigurationReference = E4EB6923138AFD0F00A09F29 /* Project.xcconfig */;
			buildSettings = {
				CONFIGURATION_BUILD_DIR = "$(SRCROOT)/bin/";
				COPY_PHASE_STRIP = NO;
				DEAD_CODE_STRIPPING = YES;
				GCC_AUTO_VECTORIZATION = YES;
				GCC_ENABLE_SSE3_EXTENSIONS = YES;
				GCC_ENABLE_SUPPLEMENTAL_SSE3_INSTRUCTIONS = YES;
				GCC_INLINES_ARE_PRIVATE_EXTERN = NO;
				GCC_OPTIMIZATION_LEVEL = 0;
				GCC_SYMBOLS_PRIVATE_EXTERN = NO;
				GCC_WARN_ABOUT_DEPRECATED_FUNCTIONS = YES;
				GCC_WARN_ABOUT_INVALID_OFFSETOF_MACRO = NO;
				GCC_WARN_ALLOW_INCOMPLETE_PROTOCOL = NO;
				GCC_WARN_UNINITIALIZED_AUTOS = NO;
				GCC_WARN_UNUSED_VALUE = NO;
				GCC_WARN_UNUSED_VARIABLE = NO;
				HEADER_SEARCH_PATHS = (
					"$(OF_CORE_HEADERS)",
					src,
					src,
					../../../addons/ofxOrbbecAstra/libs/astra/include/,
				);
				MACOSX_DEPLOYMENT_TARGET = 10.9;
				ONLY_ACTIVE_ARCH = YES;
				OTHER_CPLUSPLUSFLAGS = (
					"-D__MACOSX_CORE__",
					"-mtune=native",
				);
				SDKROOT = macosx;
			};
			name = Debug;
		};
		E4B69B4F0A3A1720003C02F2 /* Release */ = {
			isa = XCBuildConfiguration;
			baseConfigurationReference = E4EB6923138AFD0F00A09F29 /* Project.xcconfig */;
			buildSettings = {
				CONFIGURATION_BUILD_DIR = "$(SRCROOT)/bin/";
				COPY_PHASE_STRIP = YES;
				DEAD_CODE_STRIPPING = YES;
				GCC_AUTO_VECTORIZATION = YES;
				GCC_ENABLE_SSE3_EXTENSIONS = YES;
				GCC_ENABLE_SUPPLEMENTAL_SSE3_INSTRUCTIONS = YES;
				GCC_INLINES_ARE_PRIVATE_EXTERN = NO;
				GCC_OPTIMIZATION_LEVEL = 3;
				GCC_SYMBOLS_PRIVATE_EXTERN = NO;
				GCC_UNROLL_LOOPS = YES;
				GCC_WARN_ABOUT_DEPRECATED_FUNCTIONS = YES;
				GCC_WARN_ABOUT_INVALID_OFFSETOF_MACRO = NO;
				GCC_WARN_ALLOW_INCOMPLETE_PROTOCOL = NO;
				GCC_WARN_UNINITIALIZED_AUTOS = NO;
				GCC_WARN_UNUSED_VALUE = NO;
				GCC_WARN_UNUSED_VARIABLE = NO;
				HEADER_SEARCH_PATHS = (
					"$(OF_CORE_HEADERS)",
					src,
					src,
					../../../addons/ofxOrbbecAstra/libs/astra/include/,
				);
				MACOSX_DEPLOYMENT_TARGET = 10.9;
				OTHER_CPLUSPLUSFLAGS = (
					"-D__MACOSX_CORE__",
					"-mtune=native",
				);
				SDKROOT = macosx;
			};
			name = Release;
		};
		E4B69B600A3A1757003C02F2 /* Debug */ = {
			isa = XCBuildConfiguration;
			baseConfigurationReference = E4EB6923138AFD0F00A09F29 /* Project.xcconfig */;
			buildSettings = {
				COMBINE_HIDPI_IMAGES = YES;
				COPY_PHASE_STRIP = NO;
				FRAMEWORK_SEARCH_PATHS = "$(inherited)";
				GCC_DYNAMIC_NO_PIC = NO;
				GCC_GENERATE_DEBUGGING_SYMBOLS = YES;
				GCC_MODEL_TUNING = NONE;
				HEADER_SEARCH_PATHS = (
					"$(OF_CORE_HEADERS)",
					src,
					src,
					../../../addons/ofxOrbbecAstra/libs/astra/include/,
				);
				ICON = "$(ICON_NAME_DEBUG)";
				ICON_FILE = "$(ICON_FILE_PATH)$(ICON)";
				INFOPLIST_FILE = "openFrameworks-Info.plist";
				INSTALL_PATH = /Applications;
				LD_RUNPATH_SEARCH_PATHS = "@executable_path/../../../../../../../addons/ofxOrbbecAstra/libs/astra/lib/osx/";
				LIBRARY_SEARCH_PATHS = "$(inherited)";
				OTHER_LDFLAGS = (
					"$(OF_CORE_LIBS)",
					"$(OF_CORE_FRAMEWORKS)",
					"$(LIB_OF_DEBUG)",
					../../../addons/ofxOrbbecAstra/libs/astra/lib/osx/libastra_core_api.dylib,
					../../../addons/ofxOrbbecAstra/libs/astra/lib/osx/libastra_core.dylib,
					../../../addons/ofxOrbbecAstra/libs/astra/lib/osx/libastra.dylib,
				);
				PRODUCT_NAME = "$(TARGET_NAME)Debug";
				WRAPPER_EXTENSION = app;
			};
			name = Debug;
		};
		E4B69B610A3A1757003C02F2 /* Release */ = {
			isa = XCBuildConfiguration;
			baseConfigurationReference = E4EB6923138AFD0F00A09F29 /* Project.xcconfig */;
			buildSettings = {
				COMBINE_HIDPI_IMAGES = YES;
				COPY_PHASE_STRIP = YES;
				FRAMEWORK_SEARCH_PATHS = "$(inherited)";
				GCC_GENERATE_DEBUGGING_SYMBOLS = YES;
				GCC_MODEL_TUNING = NONE;
				HEADER_SEARCH_PATHS = (
					"$(OF_CORE_HEADERS)",
					src,
					src,
					../../../addons/ofxOrbbecAstra/libs/astra/include/,
				);
				ICON = "$(ICON_NAME_RELEASE)";
				ICON_FILE = "$(ICON_FILE_PATH)$(ICON)";
				INFOPLIST_FILE = "openFrameworks-Info.plist";
				INSTALL_PATH = /Applications;
				LD_RUNPATH_SEARCH_PATHS = "@executable_path/../../../../../../../addons/ofxOrbbecAstra/libs/astra/lib/osx/";
				LIBRARY_SEARCH_PATHS = "$(inherited)";
				OTHER_LDFLAGS = (
					"$(OF_CORE_LIBS)",
					"$(OF_CORE_FRAMEWORKS)",
					"$(LIB_OF)",
					../../../addons/ofxOrbbecAstra/libs/astra/lib/osx/libastra_core_api.dylib,
					../../../addons/ofxOrbbecAstra/libs/astra/lib/osx/libastra_core.dylib,
					../../../addons/ofxOrbbecAstra/libs/astra/lib/osx/libastra.dylib,
				);
				PRODUCT_NAME = "$(TARGET_NAME)";
				WRAPPER_EXTENSION = app;
				baseConfigurationReference = E4EB6923138AFD0F00A09F29;
			};
			name = Release;
		};
/* End XCBuildConfiguration section */

/* Begin XCConfigurationList section */
		E4B69B4D0A3A1720003C02F2 /* Build configuration list for PBXProject "example-multicam" */ = {
			isa = XCConfigurationList;
			buildConfigurations = (
				E4B69B4E0A3A1720003C02F2 /* Debug */,
				E4B69B4F0A3A1720003C02F2 /* Release */,
				99FA3DBB1C7456C400CFA0EE /* AppStore */,
			);
			defaultConfigurationIsVisible = 0;
			defaultConfigurationName = Release;
		};
		E4B69B5F0A3A1757003C02F2 /* Build configuration list for PBXNativeTarget "example-multicam" */ = {
			isa = XCConfigurationList;
			buildConfigurations = (
				E4B69B600A3A1757003C02F2 /* Debug */,
				E4B69B610A3A1757003C02F2 /* Release */,
				99FA3DBC1C7456C400CFA0EE /* AppStore */,
			);
			defaultConfigurationIsVisible = 0;
			defaultConfigurationName = Release;
		};
/* End XCConfigurationList section */
	};
	rootObject = E4B69B4C0A3A1720003C02F2 /* Project object */;
}
